// !$*UTF8*$!
{
	archiveVersion = 1;
	classes = {
	};
	objectVersion = 51;
	objects = {

/* Begin PBXBuildFile section */
		1826092D80ED7CAABA557090 /* Pods_GBShop_GBShopUITests.framework in Frameworks */ = {isa = PBXBuildFile; fileRef = 3A7EC0A3DA32B37E992B3D26 /* Pods_GBShop_GBShopUITests.framework */; };
		A802E4BB2628702D0022F87C /* ResponseCodableTests.swift in Sources */ = {isa = PBXBuildFile; fileRef = A802E4BA2628702D0022F87C /* ResponseCodableTests.swift */; };
		A802E4EC2628A7610022F87C /* Product.swift in Sources */ = {isa = PBXBuildFile; fileRef = A802E4EB2628A7610022F87C /* Product.swift */; };
		A802E4F22628CF4C0022F87C /* GoodByIdResult.swift in Sources */ = {isa = PBXBuildFile; fileRef = A802E4F12628CF4C0022F87C /* GoodByIdResult.swift */; };
		A802E4FE2628D1F20022F87C /* ProductsDataRequestFactory.swift in Sources */ = {isa = PBXBuildFile; fileRef = A802E4FD2628D1F20022F87C /* ProductsDataRequestFactory.swift */; };
		A802E5092628D2FB0022F87C /* ProductsData.swift in Sources */ = {isa = PBXBuildFile; fileRef = A802E5082628D2FB0022F87C /* ProductsData.swift */; };
		A80CECCF26207B290048AAC9 /* AbstractErrorParser.swift in Sources */ = {isa = PBXBuildFile; fileRef = A80CECCE26207B290048AAC9 /* AbstractErrorParser.swift */; };
		A80CECD726207B4F0048AAC9 /* ErrorParser.swift in Sources */ = {isa = PBXBuildFile; fileRef = A80CECD626207B4F0048AAC9 /* ErrorParser.swift */; };
		A80CECDC26207BD00048AAC9 /* ResponseCodable.swift in Sources */ = {isa = PBXBuildFile; fileRef = A80CECDB26207BD00048AAC9 /* ResponseCodable.swift */; };
		A80CECEB262082190048AAC9 /* AbstractRequestFactory.swift in Sources */ = {isa = PBXBuildFile; fileRef = A80CECEA262082190048AAC9 /* AbstractRequestFactory.swift */; };
		A80CECF02620824E0048AAC9 /* RequestRouter.swift in Sources */ = {isa = PBXBuildFile; fileRef = A80CECEF2620824E0048AAC9 /* RequestRouter.swift */; };
		A80CECF8262083FC0048AAC9 /* LoginResult.swift in Sources */ = {isa = PBXBuildFile; fileRef = A80CECF7262083FC0048AAC9 /* LoginResult.swift */; };
		A80CECFD2620840B0048AAC9 /* User.swift in Sources */ = {isa = PBXBuildFile; fileRef = A80CECFC2620840B0048AAC9 /* User.swift */; };
		A80CED03262084F50048AAC9 /* AuthRequestFactory.swift in Sources */ = {isa = PBXBuildFile; fileRef = A80CED02262084F50048AAC9 /* AuthRequestFactory.swift */; };
		A80CED0B2620854E0048AAC9 /* Auth.swift in Sources */ = {isa = PBXBuildFile; fileRef = A80CED0A2620854E0048AAC9 /* Auth.swift */; };
		A80CED102620858F0048AAC9 /* RequestFactory.swift in Sources */ = {isa = PBXBuildFile; fileRef = A80CED0F2620858F0048AAC9 /* RequestFactory.swift */; };
		A81BDB062620BD780084B17F /* LogoutResult.swift in Sources */ = {isa = PBXBuildFile; fileRef = A81BDB052620BD780084B17F /* LogoutResult.swift */; };
		A81BDB0B2620BDE70084B17F /* ChangeUserDataResult.swift in Sources */ = {isa = PBXBuildFile; fileRef = A81BDB0A2620BDE70084B17F /* ChangeUserDataResult.swift */; };
		A81BDB142620BE8B0084B17F /* RegisterUserResult.swift in Sources */ = {isa = PBXBuildFile; fileRef = A81BDB132620BE8B0084B17F /* RegisterUserResult.swift */; };
		A81BDB352620D2B50084B17F /* UserDataRequestFactory.swift in Sources */ = {isa = PBXBuildFile; fileRef = A81BDB342620D2B50084B17F /* UserDataRequestFactory.swift */; };
		A81BDB402620D41B0084B17F /* UserData.swift in Sources */ = {isa = PBXBuildFile; fileRef = A81BDB3F2620D41B0084B17F /* UserData.swift */; };
		A81EF0422635E9BB00551B9A /* AddToBasket.swift in Sources */ = {isa = PBXBuildFile; fileRef = A81EF0412635E9BB00551B9A /* AddToBasket.swift */; };
		A81EF0472635E9D600551B9A /* DeleteFromBasket.swift in Sources */ = {isa = PBXBuildFile; fileRef = A81EF0462635E9D600551B9A /* DeleteFromBasket.swift */; };
		A81EF04C2635E9ED00551B9A /* PayBasket.swift in Sources */ = {isa = PBXBuildFile; fileRef = A81EF04B2635E9ED00551B9A /* PayBasket.swift */; };
		A81EF0512635EB8700551B9A /* GetBasketResult.swift in Sources */ = {isa = PBXBuildFile; fileRef = A81EF0502635EB8700551B9A /* GetBasketResult.swift */; };
		A81EF0572635EE9900551B9A /* BasketDataRequestFactory.swift in Sources */ = {isa = PBXBuildFile; fileRef = A81EF0562635EE9900551B9A /* BasketDataRequestFactory.swift */; };
		A81EF05F2635EEAE00551B9A /* Basket.swift in Sources */ = {isa = PBXBuildFile; fileRef = A81EF05E2635EEAE00551B9A /* Basket.swift */; };
		A81FA10B263AAC7400E5BAF0 /* AuthView.swift in Sources */ = {isa = PBXBuildFile; fileRef = A81FA10A263AAC7400E5BAF0 /* AuthView.swift */; };
		A81FA155263AD44200E5BAF0 /* AuthViewController.swift in Sources */ = {isa = PBXBuildFile; fileRef = A81FA154263AD44200E5BAF0 /* AuthViewController.swift */; };
		A81FA15B263AD82600E5BAF0 /* AuthBuilder.swift in Sources */ = {isa = PBXBuildFile; fileRef = A81FA15A263AD82600E5BAF0 /* AuthBuilder.swift */; };
		A81FA166263AEABD00E5BAF0 /* AuthPresenter.swift in Sources */ = {isa = PBXBuildFile; fileRef = A81FA165263AEABD00E5BAF0 /* AuthPresenter.swift */; };
		A831BFE02641A462003D3A94 /* CatalogProductsView.swift in Sources */ = {isa = PBXBuildFile; fileRef = A831BFDF2641A462003D3A94 /* CatalogProductsView.swift */; };
		A831BFE82641A526003D3A94 /* CatalogProductsViewController.swift in Sources */ = {isa = PBXBuildFile; fileRef = A831BFE72641A526003D3A94 /* CatalogProductsViewController.swift */; };
		A835846D26469A99007381E9 /* NavigationControllerDarkStyle.swift in Sources */ = {isa = PBXBuildFile; fileRef = A835846C26469A99007381E9 /* NavigationControllerDarkStyle.swift */; };
		A83584722646A13E007381E9 /* DataUser.swift in Sources */ = {isa = PBXBuildFile; fileRef = A83584712646A13E007381E9 /* DataUser.swift */; };
		A835847A2646A3FB007381E9 /* ActivityIndicatorDarkStyle.swift in Sources */ = {isa = PBXBuildFile; fileRef = A83584792646A3FB007381E9 /* ActivityIndicatorDarkStyle.swift */; };
		A83DDAC626381C2B00466E9B /* BasketPresenter.swift in Sources */ = {isa = PBXBuildFile; fileRef = A83DDAC526381C2B00466E9B /* BasketPresenter.swift */; };
		A83DDACF2638286300466E9B /* BasketBuilder.swift in Sources */ = {isa = PBXBuildFile; fileRef = A83DDACE2638286300466E9B /* BasketBuilder.swift */; };
		A83E637D2645BFCC000D8744 /* ButtonDarkStyle.swift in Sources */ = {isa = PBXBuildFile; fileRef = A83E637C2645BFCC000D8744 /* ButtonDarkStyle.swift */; };
		A83E63882645C15F000D8744 /* TextFieldDarkStyle.swift in Sources */ = {isa = PBXBuildFile; fileRef = A83E63872645C15F000D8744 /* TextFieldDarkStyle.swift */; };
		A83E63902645C3E9000D8744 /* LabelDarkStyle.swift in Sources */ = {isa = PBXBuildFile; fileRef = A83E638F2645C3E9000D8744 /* LabelDarkStyle.swift */; };
		A83E63982645C7A6000D8744 /* SegmentedControlDarkStyle.swift in Sources */ = {isa = PBXBuildFile; fileRef = A83E63972645C7A6000D8744 /* SegmentedControlDarkStyle.swift */; };
		A83E63AD2645D0CD000D8744 /* ResultViewDarkStyle.swift in Sources */ = {isa = PBXBuildFile; fileRef = A83E63AC2645D0CD000D8744 /* ResultViewDarkStyle.swift */; };
		A83E63B22645D26E000D8744 /* RefreshControlDarkStyle.swift in Sources */ = {isa = PBXBuildFile; fileRef = A83E63B12645D26E000D8744 /* RefreshControlDarkStyle.swift */; };
		A83E63B72645DC4C000D8744 /* TableViewDarkStyle.swift in Sources */ = {isa = PBXBuildFile; fileRef = A83E63B62645DC4C000D8744 /* TableViewDarkStyle.swift */; };
		A8541118261A3603007D2C75 /* AppDelegate.swift in Sources */ = {isa = PBXBuildFile; fileRef = A8541117261A3603007D2C75 /* AppDelegate.swift */; };
		A854111A261A3603007D2C75 /* SceneDelegate.swift in Sources */ = {isa = PBXBuildFile; fileRef = A8541119261A3603007D2C75 /* SceneDelegate.swift */; };
		A854111C261A3603007D2C75 /* ViewController.swift in Sources */ = {isa = PBXBuildFile; fileRef = A854111B261A3603007D2C75 /* ViewController.swift */; };
		A8541122261A3603007D2C75 /* GBShop.xcdatamodeld in Sources */ = {isa = PBXBuildFile; fileRef = A8541120261A3603007D2C75 /* GBShop.xcdatamodeld */; };
		A8541124261A3604007D2C75 /* Assets.xcassets in Resources */ = {isa = PBXBuildFile; fileRef = A8541123261A3604007D2C75 /* Assets.xcassets */; };
		A8541127261A3604007D2C75 /* LaunchScreen.storyboard in Resources */ = {isa = PBXBuildFile; fileRef = A8541125261A3604007D2C75 /* LaunchScreen.storyboard */; };
		A8541132261A3604007D2C75 /* GBShopTests.swift in Sources */ = {isa = PBXBuildFile; fileRef = A8541131261A3604007D2C75 /* GBShopTests.swift */; };
		A854113D261A3605007D2C75 /* GBShopUITests.swift in Sources */ = {isa = PBXBuildFile; fileRef = A854113C261A3605007D2C75 /* GBShopUITests.swift */; };
		A858DFC52648411100102964 /* DetailProductView.swift in Sources */ = {isa = PBXBuildFile; fileRef = A858DFC42648411100102964 /* DetailProductView.swift */; };
		A858DFE12648437E00102964 /* TableScreenViewDarkStyle.swift in Sources */ = {isa = PBXBuildFile; fileRef = A858DFE02648437E00102964 /* TableScreenViewDarkStyle.swift */; };
		A858DFE926484A8A00102964 /* DetailProductCell.swift in Sources */ = {isa = PBXBuildFile; fileRef = A858DFE826484A8A00102964 /* DetailProductCell.swift */; };
		A858DFF22648516700102964 /* DetailProductCellModel.swift in Sources */ = {isa = PBXBuildFile; fileRef = A858DFF12648516700102964 /* DetailProductCellModel.swift */; };
		A858DFF7264855CB00102964 /* DetailProductViewController.swift in Sources */ = {isa = PBXBuildFile; fileRef = A858DFF6264855CB00102964 /* DetailProductViewController.swift */; };
		A858DFFC2648622800102964 /* ReviewCell.swift in Sources */ = {isa = PBXBuildFile; fileRef = A858DFFB2648622800102964 /* ReviewCell.swift */; };
		A858E001264868D500102964 /* ReviewCellModel.swift in Sources */ = {isa = PBXBuildFile; fileRef = A858E000264868D500102964 /* ReviewCellModel.swift */; };
		A858E00626486A5700102964 /* ReviewOfProduct.swift in Sources */ = {isa = PBXBuildFile; fileRef = A858E00526486A5700102964 /* ReviewOfProduct.swift */; };
		A858E0112648876D00102964 /* DetailProductPresenter.swift in Sources */ = {isa = PBXBuildFile; fileRef = A858E0102648876D00102964 /* DetailProductPresenter.swift */; };
		A858E01926488F8000102964 /* DetailProductBuilder.swift in Sources */ = {isa = PBXBuildFile; fileRef = A858E01826488F8000102964 /* DetailProductBuilder.swift */; };
		A85A10A126373D2800FC532B /* ContentCellModel.swift in Sources */ = {isa = PBXBuildFile; fileRef = A85A10A026373D2800FC532B /* ContentCellModel.swift */; };
		A879C81B2636BF1B00ECF3E6 /* BasketView.swift in Sources */ = {isa = PBXBuildFile; fileRef = A879C81A2636BF1B00ECF3E6 /* BasketView.swift */; };
		A89599CC26361A11009270D8 /* BasketViewController.swift in Sources */ = {isa = PBXBuildFile; fileRef = A89599CB26361A11009270D8 /* BasketViewController.swift */; };
		A89599D426361D07009270D8 /* Content.swift in Sources */ = {isa = PBXBuildFile; fileRef = A89599D326361D07009270D8 /* Content.swift */; };
		A89599D9263620E2009270D8 /* BasketCell.swift in Sources */ = {isa = PBXBuildFile; fileRef = A89599D8263620E2009270D8 /* BasketCell.swift */; };
		A8ABCD1E263DCFCB0022BDC0 /* RegistrationViewController.swift in Sources */ = {isa = PBXBuildFile; fileRef = A8ABCD1D263DCFCB0022BDC0 /* RegistrationViewController.swift */; };
		A8B59AB326495A24002374A2 /* HeaderInSection.swift in Sources */ = {isa = PBXBuildFile; fileRef = A8B59AB226495A24002374A2 /* HeaderInSection.swift */; };
		A8BD4413263C2DC60030B11E /* RegistrationView.swift in Sources */ = {isa = PBXBuildFile; fileRef = A8BD4412263C2DC60030B11E /* RegistrationView.swift */; };
		A8DF9BFF2642D99E0067D3F6 /* CatalogProductsCell.swift in Sources */ = {isa = PBXBuildFile; fileRef = A8DF9BFE2642D99E0067D3F6 /* CatalogProductsCell.swift */; };
		A8DF9C1C26430D8B0067D3F6 /* ProductCellModel.swift in Sources */ = {isa = PBXBuildFile; fileRef = A8DF9C1B26430D8B0067D3F6 /* ProductCellModel.swift */; };
		A8DF9C212643170C0067D3F6 /* CatalogProductsPresenter.swift in Sources */ = {isa = PBXBuildFile; fileRef = A8DF9C202643170C0067D3F6 /* CatalogProductsPresenter.swift */; };
		A8DF9C2626431E420067D3F6 /* CatalogProductsBuilder.swift in Sources */ = {isa = PBXBuildFile; fileRef = A8DF9C2526431E420067D3F6 /* CatalogProductsBuilder.swift */; };
		A8DF9C3E2643255F0067D3F6 /* ShopTabBarController.swift in Sources */ = {isa = PBXBuildFile; fileRef = A8DF9C3D2643255F0067D3F6 /* ShopTabBarController.swift */; };
		A8DF9C45264332C70067D3F6 /* ShopTabBarBuilder.swift in Sources */ = {isa = PBXBuildFile; fileRef = A8DF9C44264332C70067D3F6 /* ShopTabBarBuilder.swift */; };
		A8EF3D49263EF9EE00366837 /* RegistrationPresenter.swift in Sources */ = {isa = PBXBuildFile; fileRef = A8EF3D48263EF9EE00366837 /* RegistrationPresenter.swift */; };
		A8EF3D51263EFE5200366837 /* RegistrationBuilder.swift in Sources */ = {isa = PBXBuildFile; fileRef = A8EF3D50263EFE5200366837 /* RegistrationBuilder.swift */; };
		A8EF3D5B263F368400366837 /* PersonalDataView.swift in Sources */ = {isa = PBXBuildFile; fileRef = A8EF3D5A263F368400366837 /* PersonalDataView.swift */; };
		A8EF3D63263F37F900366837 /* PersonalDataViewController.swift in Sources */ = {isa = PBXBuildFile; fileRef = A8EF3D62263F37F900366837 /* PersonalDataViewController.swift */; };
		A8EF3D68263F412500366837 /* PersonalDataPresenter.swift in Sources */ = {isa = PBXBuildFile; fileRef = A8EF3D67263F412500366837 /* PersonalDataPresenter.swift */; };
		A8EF3D6D263F45C900366837 /* PersonalDataBuilding.swift in Sources */ = {isa = PBXBuildFile; fileRef = A8EF3D6C263F45C900366837 /* PersonalDataBuilding.swift */; };
		A8F2C17B2630B8A900587179 /* AddReviewResult.swift in Sources */ = {isa = PBXBuildFile; fileRef = A8F2C17A2630B8A900587179 /* AddReviewResult.swift */; };
		A8F2C1832630B8C500587179 /* RemoveReviewResult.swift in Sources */ = {isa = PBXBuildFile; fileRef = A8F2C1822630B8C500587179 /* RemoveReviewResult.swift */; };
		A8F2C1882630B90800587179 /* CatalogReviewsResult.swift in Sources */ = {isa = PBXBuildFile; fileRef = A8F2C1872630B90800587179 /* CatalogReviewsResult.swift */; };
		A8F2C1962630BDE000587179 /* ReviewDataRequestFactory.swift in Sources */ = {isa = PBXBuildFile; fileRef = A8F2C1952630BDE000587179 /* ReviewDataRequestFactory.swift */; };
		A8F2C19E2630BF5B00587179 /* Review.swift in Sources */ = {isa = PBXBuildFile; fileRef = A8F2C19D2630BF5B00587179 /* Review.swift */; };
		A8FD201A2640AB0A00ABBF6E /* ShowAlertProtocol.swift in Sources */ = {isa = PBXBuildFile; fileRef = A8FD20192640AB0A00ABBF6E /* ShowAlertProtocol.swift */; };
		A8FD20252640ABA900ABBF6E /* ValidEmailExtension.swift in Sources */ = {isa = PBXBuildFile; fileRef = A8FD20242640ABA900ABBF6E /* ValidEmailExtension.swift */; };
		A8FD20342640B4B800ABBF6E /* CheckingDataUserProtocol.swift in Sources */ = {isa = PBXBuildFile; fileRef = A8FD20332640B4B800ABBF6E /* CheckingDataUserProtocol.swift */; };
		B849E461F75B11D0134E5C53 /* Pods_GBShop.framework in Frameworks */ = {isa = PBXBuildFile; fileRef = ABC1AC57FF6B81420F4D5ED5 /* Pods_GBShop.framework */; };
		FB779A82E17F1E0D37F69415 /* Pods_GBShopTests.framework in Frameworks */ = {isa = PBXBuildFile; fileRef = 866AB0D07FB62F17F84036E7 /* Pods_GBShopTests.framework */; };
/* End PBXBuildFile section */

/* Begin PBXContainerItemProxy section */
		A854112E261A3604007D2C75 /* PBXContainerItemProxy */ = {
			isa = PBXContainerItemProxy;
			containerPortal = A854110C261A3603007D2C75 /* Project object */;
			proxyType = 1;
			remoteGlobalIDString = A8541113261A3603007D2C75;
			remoteInfo = GBShop;
		};
		A8541139261A3605007D2C75 /* PBXContainerItemProxy */ = {
			isa = PBXContainerItemProxy;
			containerPortal = A854110C261A3603007D2C75 /* Project object */;
			proxyType = 1;
			remoteGlobalIDString = A8541113261A3603007D2C75;
			remoteInfo = GBShop;
		};
/* End PBXContainerItemProxy section */

/* Begin PBXFileReference section */
		09166EA7CD54226E5C482D42 /* Pods-GBShop-GBShopUITests.release.xcconfig */ = {isa = PBXFileReference; includeInIndex = 1; lastKnownFileType = text.xcconfig; name = "Pods-GBShop-GBShopUITests.release.xcconfig"; path = "Target Support Files/Pods-GBShop-GBShopUITests/Pods-GBShop-GBShopUITests.release.xcconfig"; sourceTree = "<group>"; };
		13D4EF4A74C05CE0B660E483 /* Pods-GBShopTests.release.xcconfig */ = {isa = PBXFileReference; includeInIndex = 1; lastKnownFileType = text.xcconfig; name = "Pods-GBShopTests.release.xcconfig"; path = "Target Support Files/Pods-GBShopTests/Pods-GBShopTests.release.xcconfig"; sourceTree = "<group>"; };
		3A7EC0A3DA32B37E992B3D26 /* Pods_GBShop_GBShopUITests.framework */ = {isa = PBXFileReference; explicitFileType = wrapper.framework; includeInIndex = 0; path = Pods_GBShop_GBShopUITests.framework; sourceTree = BUILT_PRODUCTS_DIR; };
		5A887F4484F6FD8D653E511F /* Pods-GBShop.release.xcconfig */ = {isa = PBXFileReference; includeInIndex = 1; lastKnownFileType = text.xcconfig; name = "Pods-GBShop.release.xcconfig"; path = "Target Support Files/Pods-GBShop/Pods-GBShop.release.xcconfig"; sourceTree = "<group>"; };
		866AB0D07FB62F17F84036E7 /* Pods_GBShopTests.framework */ = {isa = PBXFileReference; explicitFileType = wrapper.framework; includeInIndex = 0; path = Pods_GBShopTests.framework; sourceTree = BUILT_PRODUCTS_DIR; };
		A802E4BA2628702D0022F87C /* ResponseCodableTests.swift */ = {isa = PBXFileReference; lastKnownFileType = sourcecode.swift; path = ResponseCodableTests.swift; sourceTree = "<group>"; };
		A802E4EB2628A7610022F87C /* Product.swift */ = {isa = PBXFileReference; lastKnownFileType = sourcecode.swift; path = Product.swift; sourceTree = "<group>"; };
		A802E4F12628CF4C0022F87C /* GoodByIdResult.swift */ = {isa = PBXFileReference; lastKnownFileType = sourcecode.swift; path = GoodByIdResult.swift; sourceTree = "<group>"; };
		A802E4FD2628D1F20022F87C /* ProductsDataRequestFactory.swift */ = {isa = PBXFileReference; lastKnownFileType = sourcecode.swift; path = ProductsDataRequestFactory.swift; sourceTree = "<group>"; };
		A802E5082628D2FB0022F87C /* ProductsData.swift */ = {isa = PBXFileReference; lastKnownFileType = sourcecode.swift; path = ProductsData.swift; sourceTree = "<group>"; };
		A80CECCE26207B290048AAC9 /* AbstractErrorParser.swift */ = {isa = PBXFileReference; lastKnownFileType = sourcecode.swift; path = AbstractErrorParser.swift; sourceTree = "<group>"; };
		A80CECD626207B4F0048AAC9 /* ErrorParser.swift */ = {isa = PBXFileReference; lastKnownFileType = sourcecode.swift; path = ErrorParser.swift; sourceTree = "<group>"; };
		A80CECDB26207BD00048AAC9 /* ResponseCodable.swift */ = {isa = PBXFileReference; lastKnownFileType = sourcecode.swift; path = ResponseCodable.swift; sourceTree = "<group>"; };
		A80CECEA262082190048AAC9 /* AbstractRequestFactory.swift */ = {isa = PBXFileReference; lastKnownFileType = sourcecode.swift; path = AbstractRequestFactory.swift; sourceTree = "<group>"; };
		A80CECEF2620824E0048AAC9 /* RequestRouter.swift */ = {isa = PBXFileReference; lastKnownFileType = sourcecode.swift; path = RequestRouter.swift; sourceTree = "<group>"; };
		A80CECF7262083FC0048AAC9 /* LoginResult.swift */ = {isa = PBXFileReference; lastKnownFileType = sourcecode.swift; path = LoginResult.swift; sourceTree = "<group>"; };
		A80CECFC2620840B0048AAC9 /* User.swift */ = {isa = PBXFileReference; lastKnownFileType = sourcecode.swift; path = User.swift; sourceTree = "<group>"; };
		A80CED02262084F50048AAC9 /* AuthRequestFactory.swift */ = {isa = PBXFileReference; lastKnownFileType = sourcecode.swift; path = AuthRequestFactory.swift; sourceTree = "<group>"; };
		A80CED0A2620854E0048AAC9 /* Auth.swift */ = {isa = PBXFileReference; lastKnownFileType = sourcecode.swift; path = Auth.swift; sourceTree = "<group>"; };
		A80CED0F2620858F0048AAC9 /* RequestFactory.swift */ = {isa = PBXFileReference; lastKnownFileType = sourcecode.swift; path = RequestFactory.swift; sourceTree = "<group>"; };
		A81BDB052620BD780084B17F /* LogoutResult.swift */ = {isa = PBXFileReference; lastKnownFileType = sourcecode.swift; path = LogoutResult.swift; sourceTree = "<group>"; };
		A81BDB0A2620BDE70084B17F /* ChangeUserDataResult.swift */ = {isa = PBXFileReference; lastKnownFileType = sourcecode.swift; path = ChangeUserDataResult.swift; sourceTree = "<group>"; };
		A81BDB132620BE8B0084B17F /* RegisterUserResult.swift */ = {isa = PBXFileReference; lastKnownFileType = sourcecode.swift; path = RegisterUserResult.swift; sourceTree = "<group>"; };
		A81BDB342620D2B50084B17F /* UserDataRequestFactory.swift */ = {isa = PBXFileReference; lastKnownFileType = sourcecode.swift; path = UserDataRequestFactory.swift; sourceTree = "<group>"; };
		A81BDB3F2620D41B0084B17F /* UserData.swift */ = {isa = PBXFileReference; lastKnownFileType = sourcecode.swift; path = UserData.swift; sourceTree = "<group>"; };
		A81EF0412635E9BB00551B9A /* AddToBasket.swift */ = {isa = PBXFileReference; lastKnownFileType = sourcecode.swift; path = AddToBasket.swift; sourceTree = "<group>"; };
		A81EF0462635E9D600551B9A /* DeleteFromBasket.swift */ = {isa = PBXFileReference; lastKnownFileType = sourcecode.swift; path = DeleteFromBasket.swift; sourceTree = "<group>"; };
		A81EF04B2635E9ED00551B9A /* PayBasket.swift */ = {isa = PBXFileReference; lastKnownFileType = sourcecode.swift; path = PayBasket.swift; sourceTree = "<group>"; };
		A81EF0502635EB8700551B9A /* GetBasketResult.swift */ = {isa = PBXFileReference; lastKnownFileType = sourcecode.swift; path = GetBasketResult.swift; sourceTree = "<group>"; };
		A81EF0562635EE9900551B9A /* BasketDataRequestFactory.swift */ = {isa = PBXFileReference; lastKnownFileType = sourcecode.swift; path = BasketDataRequestFactory.swift; sourceTree = "<group>"; };
		A81EF05E2635EEAE00551B9A /* Basket.swift */ = {isa = PBXFileReference; lastKnownFileType = sourcecode.swift; path = Basket.swift; sourceTree = "<group>"; };
		A81FA10A263AAC7400E5BAF0 /* AuthView.swift */ = {isa = PBXFileReference; lastKnownFileType = sourcecode.swift; path = AuthView.swift; sourceTree = "<group>"; };
		A81FA154263AD44200E5BAF0 /* AuthViewController.swift */ = {isa = PBXFileReference; lastKnownFileType = sourcecode.swift; path = AuthViewController.swift; sourceTree = "<group>"; };
		A81FA15A263AD82600E5BAF0 /* AuthBuilder.swift */ = {isa = PBXFileReference; lastKnownFileType = sourcecode.swift; path = AuthBuilder.swift; sourceTree = "<group>"; };
		A81FA165263AEABD00E5BAF0 /* AuthPresenter.swift */ = {isa = PBXFileReference; lastKnownFileType = sourcecode.swift; path = AuthPresenter.swift; sourceTree = "<group>"; };
		A831BFDF2641A462003D3A94 /* CatalogProductsView.swift */ = {isa = PBXFileReference; lastKnownFileType = sourcecode.swift; path = CatalogProductsView.swift; sourceTree = "<group>"; };
		A831BFE72641A526003D3A94 /* CatalogProductsViewController.swift */ = {isa = PBXFileReference; lastKnownFileType = sourcecode.swift; path = CatalogProductsViewController.swift; sourceTree = "<group>"; };
		A835846C26469A99007381E9 /* NavigationControllerDarkStyle.swift */ = {isa = PBXFileReference; lastKnownFileType = sourcecode.swift; path = NavigationControllerDarkStyle.swift; sourceTree = "<group>"; };
		A83584712646A13E007381E9 /* DataUser.swift */ = {isa = PBXFileReference; lastKnownFileType = sourcecode.swift; path = DataUser.swift; sourceTree = "<group>"; };
		A83584792646A3FB007381E9 /* ActivityIndicatorDarkStyle.swift */ = {isa = PBXFileReference; lastKnownFileType = sourcecode.swift; path = ActivityIndicatorDarkStyle.swift; sourceTree = "<group>"; };
		A83DDAC526381C2B00466E9B /* BasketPresenter.swift */ = {isa = PBXFileReference; lastKnownFileType = sourcecode.swift; path = BasketPresenter.swift; sourceTree = "<group>"; };
		A83DDACE2638286300466E9B /* BasketBuilder.swift */ = {isa = PBXFileReference; lastKnownFileType = sourcecode.swift; path = BasketBuilder.swift; sourceTree = "<group>"; };
		A83E637C2645BFCC000D8744 /* ButtonDarkStyle.swift */ = {isa = PBXFileReference; lastKnownFileType = sourcecode.swift; path = ButtonDarkStyle.swift; sourceTree = "<group>"; };
		A83E63872645C15F000D8744 /* TextFieldDarkStyle.swift */ = {isa = PBXFileReference; lastKnownFileType = sourcecode.swift; path = TextFieldDarkStyle.swift; sourceTree = "<group>"; };
		A83E638F2645C3E9000D8744 /* LabelDarkStyle.swift */ = {isa = PBXFileReference; lastKnownFileType = sourcecode.swift; path = LabelDarkStyle.swift; sourceTree = "<group>"; };
		A83E63972645C7A6000D8744 /* SegmentedControlDarkStyle.swift */ = {isa = PBXFileReference; lastKnownFileType = sourcecode.swift; path = SegmentedControlDarkStyle.swift; sourceTree = "<group>"; };
		A83E63AC2645D0CD000D8744 /* ResultViewDarkStyle.swift */ = {isa = PBXFileReference; lastKnownFileType = sourcecode.swift; path = ResultViewDarkStyle.swift; sourceTree = "<group>"; };
		A83E63B12645D26E000D8744 /* RefreshControlDarkStyle.swift */ = {isa = PBXFileReference; lastKnownFileType = sourcecode.swift; path = RefreshControlDarkStyle.swift; sourceTree = "<group>"; };
		A83E63B62645DC4C000D8744 /* TableViewDarkStyle.swift */ = {isa = PBXFileReference; lastKnownFileType = sourcecode.swift; path = TableViewDarkStyle.swift; sourceTree = "<group>"; };
		A8541114261A3603007D2C75 /* GBShop.app */ = {isa = PBXFileReference; explicitFileType = wrapper.application; includeInIndex = 0; path = GBShop.app; sourceTree = BUILT_PRODUCTS_DIR; };
		A8541117261A3603007D2C75 /* AppDelegate.swift */ = {isa = PBXFileReference; lastKnownFileType = sourcecode.swift; path = AppDelegate.swift; sourceTree = "<group>"; };
		A8541119261A3603007D2C75 /* SceneDelegate.swift */ = {isa = PBXFileReference; lastKnownFileType = sourcecode.swift; path = SceneDelegate.swift; sourceTree = "<group>"; };
		A854111B261A3603007D2C75 /* ViewController.swift */ = {isa = PBXFileReference; lastKnownFileType = sourcecode.swift; path = ViewController.swift; sourceTree = "<group>"; };
		A8541121261A3603007D2C75 /* GBShop.xcdatamodel */ = {isa = PBXFileReference; lastKnownFileType = wrapper.xcdatamodel; path = GBShop.xcdatamodel; sourceTree = "<group>"; };
		A8541123261A3604007D2C75 /* Assets.xcassets */ = {isa = PBXFileReference; lastKnownFileType = folder.assetcatalog; path = Assets.xcassets; sourceTree = "<group>"; };
		A8541126261A3604007D2C75 /* Base */ = {isa = PBXFileReference; lastKnownFileType = file.storyboard; name = Base; path = Base.lproj/LaunchScreen.storyboard; sourceTree = "<group>"; };
		A8541128261A3604007D2C75 /* Info.plist */ = {isa = PBXFileReference; lastKnownFileType = text.plist.xml; name = Info.plist; path = GBShop/Environments/Info.plist; sourceTree = SOURCE_ROOT; };
		A854112D261A3604007D2C75 /* GBShopTests.xctest */ = {isa = PBXFileReference; explicitFileType = wrapper.cfbundle; includeInIndex = 0; path = GBShopTests.xctest; sourceTree = BUILT_PRODUCTS_DIR; };
		A8541131261A3604007D2C75 /* GBShopTests.swift */ = {isa = PBXFileReference; lastKnownFileType = sourcecode.swift; path = GBShopTests.swift; sourceTree = "<group>"; };
		A8541133261A3604007D2C75 /* Info.plist */ = {isa = PBXFileReference; lastKnownFileType = text.plist.xml; path = Info.plist; sourceTree = "<group>"; };
		A8541138261A3605007D2C75 /* GBShopUITests.xctest */ = {isa = PBXFileReference; explicitFileType = wrapper.cfbundle; includeInIndex = 0; path = GBShopUITests.xctest; sourceTree = BUILT_PRODUCTS_DIR; };
		A854113C261A3605007D2C75 /* GBShopUITests.swift */ = {isa = PBXFileReference; lastKnownFileType = sourcecode.swift; path = GBShopUITests.swift; sourceTree = "<group>"; };
		A854113E261A3605007D2C75 /* Info.plist */ = {isa = PBXFileReference; lastKnownFileType = text.plist.xml; path = Info.plist; sourceTree = "<group>"; };
		A858DFC42648411100102964 /* DetailProductView.swift */ = {isa = PBXFileReference; lastKnownFileType = sourcecode.swift; path = DetailProductView.swift; sourceTree = "<group>"; };
		A858DFE02648437E00102964 /* TableScreenViewDarkStyle.swift */ = {isa = PBXFileReference; lastKnownFileType = sourcecode.swift; path = TableScreenViewDarkStyle.swift; sourceTree = "<group>"; };
		A858DFE826484A8A00102964 /* DetailProductCell.swift */ = {isa = PBXFileReference; lastKnownFileType = sourcecode.swift; path = DetailProductCell.swift; sourceTree = "<group>"; };
		A858DFF12648516700102964 /* DetailProductCellModel.swift */ = {isa = PBXFileReference; lastKnownFileType = sourcecode.swift; path = DetailProductCellModel.swift; sourceTree = "<group>"; };
		A858DFF6264855CB00102964 /* DetailProductViewController.swift */ = {isa = PBXFileReference; lastKnownFileType = sourcecode.swift; path = DetailProductViewController.swift; sourceTree = "<group>"; };
		A858DFFB2648622800102964 /* ReviewCell.swift */ = {isa = PBXFileReference; lastKnownFileType = sourcecode.swift; path = ReviewCell.swift; sourceTree = "<group>"; };
		A858E000264868D500102964 /* ReviewCellModel.swift */ = {isa = PBXFileReference; lastKnownFileType = sourcecode.swift; path = ReviewCellModel.swift; sourceTree = "<group>"; };
		A858E00526486A5700102964 /* ReviewOfProduct.swift */ = {isa = PBXFileReference; lastKnownFileType = sourcecode.swift; path = ReviewOfProduct.swift; sourceTree = "<group>"; };
		A858E0102648876D00102964 /* DetailProductPresenter.swift */ = {isa = PBXFileReference; lastKnownFileType = sourcecode.swift; path = DetailProductPresenter.swift; sourceTree = "<group>"; };
		A858E01826488F8000102964 /* DetailProductBuilder.swift */ = {isa = PBXFileReference; lastKnownFileType = sourcecode.swift; path = DetailProductBuilder.swift; sourceTree = "<group>"; };
		A85A10A026373D2800FC532B /* ContentCellModel.swift */ = {isa = PBXFileReference; lastKnownFileType = sourcecode.swift; path = ContentCellModel.swift; sourceTree = "<group>"; };
		A879C81A2636BF1B00ECF3E6 /* BasketView.swift */ = {isa = PBXFileReference; lastKnownFileType = sourcecode.swift; path = BasketView.swift; sourceTree = "<group>"; };
		A89599CB26361A11009270D8 /* BasketViewController.swift */ = {isa = PBXFileReference; lastKnownFileType = sourcecode.swift; path = BasketViewController.swift; sourceTree = "<group>"; };
		A89599D326361D07009270D8 /* Content.swift */ = {isa = PBXFileReference; lastKnownFileType = sourcecode.swift; path = Content.swift; sourceTree = "<group>"; };
		A89599D8263620E2009270D8 /* BasketCell.swift */ = {isa = PBXFileReference; lastKnownFileType = sourcecode.swift; path = BasketCell.swift; sourceTree = "<group>"; };
		A8ABCD1D263DCFCB0022BDC0 /* RegistrationViewController.swift */ = {isa = PBXFileReference; lastKnownFileType = sourcecode.swift; path = RegistrationViewController.swift; sourceTree = "<group>"; };
		A8B59AB226495A24002374A2 /* HeaderInSection.swift */ = {isa = PBXFileReference; lastKnownFileType = sourcecode.swift; path = HeaderInSection.swift; sourceTree = "<group>"; };
		A8BD4412263C2DC60030B11E /* RegistrationView.swift */ = {isa = PBXFileReference; lastKnownFileType = sourcecode.swift; path = RegistrationView.swift; sourceTree = "<group>"; };
		A8DF9BFE2642D99E0067D3F6 /* CatalogProductsCell.swift */ = {isa = PBXFileReference; lastKnownFileType = sourcecode.swift; path = CatalogProductsCell.swift; sourceTree = "<group>"; };
		A8DF9C1B26430D8B0067D3F6 /* ProductCellModel.swift */ = {isa = PBXFileReference; lastKnownFileType = sourcecode.swift; path = ProductCellModel.swift; sourceTree = "<group>"; };
		A8DF9C202643170C0067D3F6 /* CatalogProductsPresenter.swift */ = {isa = PBXFileReference; lastKnownFileType = sourcecode.swift; path = CatalogProductsPresenter.swift; sourceTree = "<group>"; };
		A8DF9C2526431E420067D3F6 /* CatalogProductsBuilder.swift */ = {isa = PBXFileReference; lastKnownFileType = sourcecode.swift; path = CatalogProductsBuilder.swift; sourceTree = "<group>"; };
		A8DF9C3D2643255F0067D3F6 /* ShopTabBarController.swift */ = {isa = PBXFileReference; lastKnownFileType = sourcecode.swift; path = ShopTabBarController.swift; sourceTree = "<group>"; };
		A8DF9C44264332C70067D3F6 /* ShopTabBarBuilder.swift */ = {isa = PBXFileReference; lastKnownFileType = sourcecode.swift; path = ShopTabBarBuilder.swift; sourceTree = "<group>"; };
		A8EF3D48263EF9EE00366837 /* RegistrationPresenter.swift */ = {isa = PBXFileReference; lastKnownFileType = sourcecode.swift; path = RegistrationPresenter.swift; sourceTree = "<group>"; };
		A8EF3D50263EFE5200366837 /* RegistrationBuilder.swift */ = {isa = PBXFileReference; lastKnownFileType = sourcecode.swift; path = RegistrationBuilder.swift; sourceTree = "<group>"; };
		A8EF3D5A263F368400366837 /* PersonalDataView.swift */ = {isa = PBXFileReference; lastKnownFileType = sourcecode.swift; path = PersonalDataView.swift; sourceTree = "<group>"; };
		A8EF3D62263F37F900366837 /* PersonalDataViewController.swift */ = {isa = PBXFileReference; lastKnownFileType = sourcecode.swift; path = PersonalDataViewController.swift; sourceTree = "<group>"; };
		A8EF3D67263F412500366837 /* PersonalDataPresenter.swift */ = {isa = PBXFileReference; lastKnownFileType = sourcecode.swift; path = PersonalDataPresenter.swift; sourceTree = "<group>"; };
		A8EF3D6C263F45C900366837 /* PersonalDataBuilding.swift */ = {isa = PBXFileReference; lastKnownFileType = sourcecode.swift; path = PersonalDataBuilding.swift; sourceTree = "<group>"; };
		A8F2C17A2630B8A900587179 /* AddReviewResult.swift */ = {isa = PBXFileReference; lastKnownFileType = sourcecode.swift; path = AddReviewResult.swift; sourceTree = "<group>"; };
		A8F2C1822630B8C500587179 /* RemoveReviewResult.swift */ = {isa = PBXFileReference; lastKnownFileType = sourcecode.swift; path = RemoveReviewResult.swift; sourceTree = "<group>"; };
		A8F2C1872630B90800587179 /* CatalogReviewsResult.swift */ = {isa = PBXFileReference; lastKnownFileType = sourcecode.swift; path = CatalogReviewsResult.swift; sourceTree = "<group>"; };
		A8F2C1952630BDE000587179 /* ReviewDataRequestFactory.swift */ = {isa = PBXFileReference; lastKnownFileType = sourcecode.swift; path = ReviewDataRequestFactory.swift; sourceTree = "<group>"; };
		A8F2C19D2630BF5B00587179 /* Review.swift */ = {isa = PBXFileReference; lastKnownFileType = sourcecode.swift; path = Review.swift; sourceTree = "<group>"; };
		A8FD20192640AB0A00ABBF6E /* ShowAlertProtocol.swift */ = {isa = PBXFileReference; lastKnownFileType = sourcecode.swift; path = ShowAlertProtocol.swift; sourceTree = "<group>"; };
		A8FD20242640ABA900ABBF6E /* ValidEmailExtension.swift */ = {isa = PBXFileReference; lastKnownFileType = sourcecode.swift; path = ValidEmailExtension.swift; sourceTree = "<group>"; };
		A8FD20332640B4B800ABBF6E /* CheckingDataUserProtocol.swift */ = {isa = PBXFileReference; lastKnownFileType = sourcecode.swift; path = CheckingDataUserProtocol.swift; sourceTree = "<group>"; };
		ABC1AC57FF6B81420F4D5ED5 /* Pods_GBShop.framework */ = {isa = PBXFileReference; explicitFileType = wrapper.framework; includeInIndex = 0; path = Pods_GBShop.framework; sourceTree = BUILT_PRODUCTS_DIR; };
		B2FD403278BEFB2E80B48BB6 /* Pods-GBShop.debug.xcconfig */ = {isa = PBXFileReference; includeInIndex = 1; lastKnownFileType = text.xcconfig; name = "Pods-GBShop.debug.xcconfig"; path = "Target Support Files/Pods-GBShop/Pods-GBShop.debug.xcconfig"; sourceTree = "<group>"; };
		CA5EF1DFD357D2A2A84FFBFE /* Pods-GBShopTests.debug.xcconfig */ = {isa = PBXFileReference; includeInIndex = 1; lastKnownFileType = text.xcconfig; name = "Pods-GBShopTests.debug.xcconfig"; path = "Target Support Files/Pods-GBShopTests/Pods-GBShopTests.debug.xcconfig"; sourceTree = "<group>"; };
		E8BC40D40E23D5530E4059D5 /* Pods-GBShop-GBShopUITests.debug.xcconfig */ = {isa = PBXFileReference; includeInIndex = 1; lastKnownFileType = text.xcconfig; name = "Pods-GBShop-GBShopUITests.debug.xcconfig"; path = "Target Support Files/Pods-GBShop-GBShopUITests/Pods-GBShop-GBShopUITests.debug.xcconfig"; sourceTree = "<group>"; };
/* End PBXFileReference section */

/* Begin PBXFrameworksBuildPhase section */
		A8541111261A3603007D2C75 /* Frameworks */ = {
			isa = PBXFrameworksBuildPhase;
			buildActionMask = 2147483647;
			files = (
				B849E461F75B11D0134E5C53 /* Pods_GBShop.framework in Frameworks */,
			);
			runOnlyForDeploymentPostprocessing = 0;
		};
		A854112A261A3604007D2C75 /* Frameworks */ = {
			isa = PBXFrameworksBuildPhase;
			buildActionMask = 2147483647;
			files = (
				FB779A82E17F1E0D37F69415 /* Pods_GBShopTests.framework in Frameworks */,
			);
			runOnlyForDeploymentPostprocessing = 0;
		};
		A8541135261A3605007D2C75 /* Frameworks */ = {
			isa = PBXFrameworksBuildPhase;
			buildActionMask = 2147483647;
			files = (
				1826092D80ED7CAABA557090 /* Pods_GBShop_GBShopUITests.framework in Frameworks */,
			);
			runOnlyForDeploymentPostprocessing = 0;
		};
/* End PBXFrameworksBuildPhase section */

/* Begin PBXGroup section */
		1267BB6D7AC628F101D5CA69 /* Pods */ = {
			isa = PBXGroup;
			children = (
				B2FD403278BEFB2E80B48BB6 /* Pods-GBShop.debug.xcconfig */,
				5A887F4484F6FD8D653E511F /* Pods-GBShop.release.xcconfig */,
				E8BC40D40E23D5530E4059D5 /* Pods-GBShop-GBShopUITests.debug.xcconfig */,
				09166EA7CD54226E5C482D42 /* Pods-GBShop-GBShopUITests.release.xcconfig */,
				CA5EF1DFD357D2A2A84FFBFE /* Pods-GBShopTests.debug.xcconfig */,
				13D4EF4A74C05CE0B660E483 /* Pods-GBShopTests.release.xcconfig */,
			);
			path = Pods;
			sourceTree = "<group>";
		};
		3D2A8AF6079632E4C264A8AB /* Frameworks */ = {
			isa = PBXGroup;
			children = (
				ABC1AC57FF6B81420F4D5ED5 /* Pods_GBShop.framework */,
				3A7EC0A3DA32B37E992B3D26 /* Pods_GBShop_GBShopUITests.framework */,
				866AB0D07FB62F17F84036E7 /* Pods_GBShopTests.framework */,
			);
			name = Frameworks;
			sourceTree = "<group>";
		};
		A802E4D92628A3FA0022F87C /* CatalogData */ = {
			isa = PBXGroup;
			children = (
				A802E4EB2628A7610022F87C /* Product.swift */,
				A802E4F12628CF4C0022F87C /* GoodByIdResult.swift */,
			);
			path = CatalogData;
			sourceTree = "<group>";
		};
		A802E4FC2628D1AB0022F87C /* Product */ = {
			isa = PBXGroup;
			children = (
				A802E4FD2628D1F20022F87C /* ProductsDataRequestFactory.swift */,
				A802E5082628D2FB0022F87C /* ProductsData.swift */,
			);
			path = Product;
			sourceTree = "<group>";
		};
		A80CECCD26207AEE0048AAC9 /* Network */ = {
			isa = PBXGroup;
			children = (
				A80CECCE26207B290048AAC9 /* AbstractErrorParser.swift */,
				A80CECD626207B4F0048AAC9 /* ErrorParser.swift */,
				A80CECDB26207BD00048AAC9 /* ResponseCodable.swift */,
				A80CECEA262082190048AAC9 /* AbstractRequestFactory.swift */,
				A80CECEF2620824E0048AAC9 /* RequestRouter.swift */,
			);
			path = Network;
			sourceTree = "<group>";
		};
		A80CED012620845A0048AAC9 /* Network */ = {
			isa = PBXGroup;
			children = (
				A81EF0552635EE5C00551B9A /* Basket */,
				A8F2C1942630BDB600587179 /* Review */,
				A81BDB1B2620BF230084B17F /* Auth */,
				A81BDB332620D1BA0084B17F /* UserData */,
				A802E4FC2628D1AB0022F87C /* Product */,
				A80CED0F2620858F0048AAC9 /* RequestFactory.swift */,
			);
			path = Network;
			sourceTree = "<group>";
		};
		A81BDB102620BDF90084B17F /* Auth */ = {
			isa = PBXGroup;
			children = (
				A80CECF7262083FC0048AAC9 /* LoginResult.swift */,
				A80CECFC2620840B0048AAC9 /* User.swift */,
				A81BDB052620BD780084B17F /* LogoutResult.swift */,
			);
			path = Auth;
			sourceTree = "<group>";
		};
		A81BDB112620BE420084B17F /* UserData */ = {
			isa = PBXGroup;
			children = (
				A81BDB0A2620BDE70084B17F /* ChangeUserDataResult.swift */,
				A81BDB132620BE8B0084B17F /* RegisterUserResult.swift */,
			);
			path = UserData;
			sourceTree = "<group>";
		};
		A81BDB1B2620BF230084B17F /* Auth */ = {
			isa = PBXGroup;
			children = (
				A80CED02262084F50048AAC9 /* AuthRequestFactory.swift */,
				A80CED0A2620854E0048AAC9 /* Auth.swift */,
			);
			path = Auth;
			sourceTree = "<group>";
		};
		A81BDB332620D1BA0084B17F /* UserData */ = {
			isa = PBXGroup;
			children = (
				A81BDB342620D2B50084B17F /* UserDataRequestFactory.swift */,
				A81BDB3F2620D41B0084B17F /* UserData.swift */,
			);
			path = UserData;
			sourceTree = "<group>";
		};
		A81EF0402635E8C400551B9A /* Basket */ = {
			isa = PBXGroup;
			children = (
				A81EF0412635E9BB00551B9A /* AddToBasket.swift */,
				A81EF0462635E9D600551B9A /* DeleteFromBasket.swift */,
				A81EF04B2635E9ED00551B9A /* PayBasket.swift */,
				A81EF0502635EB8700551B9A /* GetBasketResult.swift */,
				A89599D326361D07009270D8 /* Content.swift */,
			);
			path = Basket;
			sourceTree = "<group>";
		};
		A81EF0552635EE5C00551B9A /* Basket */ = {
			isa = PBXGroup;
			children = (
				A81EF0562635EE9900551B9A /* BasketDataRequestFactory.swift */,
				A81EF05E2635EEAE00551B9A /* Basket.swift */,
			);
			name = Basket;
			sourceTree = "<group>";
		};
		A81FA103263AA7E000E5BAF0 /* Auth */ = {
			isa = PBXGroup;
			children = (
				A81FA107263AAC1A00E5BAF0 /* View */,
				A81FA108263AAC2400E5BAF0 /* Controller */,
				A81FA109263AAC2B00E5BAF0 /* Presenter */,
				A81FA159263AD7F800E5BAF0 /* Builder */,
			);
			path = Auth;
			sourceTree = "<group>";
		};
		A81FA107263AAC1A00E5BAF0 /* View */ = {
			isa = PBXGroup;
			children = (
				A81FA10A263AAC7400E5BAF0 /* AuthView.swift */,
			);
			path = View;
			sourceTree = "<group>";
		};
		A81FA108263AAC2400E5BAF0 /* Controller */ = {
			isa = PBXGroup;
			children = (
				A81FA154263AD44200E5BAF0 /* AuthViewController.swift */,
			);
			path = Controller;
			sourceTree = "<group>";
		};
		A81FA109263AAC2B00E5BAF0 /* Presenter */ = {
			isa = PBXGroup;
			children = (
				A81FA165263AEABD00E5BAF0 /* AuthPresenter.swift */,
			);
			path = Presenter;
			sourceTree = "<group>";
		};
		A81FA159263AD7F800E5BAF0 /* Builder */ = {
			isa = PBXGroup;
			children = (
				A81FA15A263AD82600E5BAF0 /* AuthBuilder.swift */,
			);
			path = Builder;
			sourceTree = "<group>";
		};
		A831BFD72641A0DE003D3A94 /* CatalogPoducts */ = {
			isa = PBXGroup;
			children = (
				A831BFD82641A104003D3A94 /* View */,
				A831BFD92641A10F003D3A94 /* Controller */,
				A831BFDA2641A11A003D3A94 /* Presenter */,
				A831BFDB2641A15A003D3A94 /* Builder */,
			);
			path = CatalogPoducts;
			sourceTree = "<group>";
		};
		A831BFD82641A104003D3A94 /* View */ = {
			isa = PBXGroup;
			children = (
				A831BFDF2641A462003D3A94 /* CatalogProductsView.swift */,
				A8DF9BFE2642D99E0067D3F6 /* CatalogProductsCell.swift */,
			);
			path = View;
			sourceTree = "<group>";
		};
		A831BFD92641A10F003D3A94 /* Controller */ = {
			isa = PBXGroup;
			children = (
				A831BFE72641A526003D3A94 /* CatalogProductsViewController.swift */,
				A8DF9C1B26430D8B0067D3F6 /* ProductCellModel.swift */,
			);
			path = Controller;
			sourceTree = "<group>";
		};
		A831BFDA2641A11A003D3A94 /* Presenter */ = {
			isa = PBXGroup;
			children = (
				A8DF9C202643170C0067D3F6 /* CatalogProductsPresenter.swift */,
			);
			path = Presenter;
			sourceTree = "<group>";
		};
		A831BFDB2641A15A003D3A94 /* Builder */ = {
			isa = PBXGroup;
			children = (
				A8DF9C2526431E420067D3F6 /* CatalogProductsBuilder.swift */,
			);
			path = Builder;
			sourceTree = "<group>";
		};
		A83DDAC426381C0F00466E9B /* Presenter */ = {
			isa = PBXGroup;
			children = (
				A83DDAC526381C2B00466E9B /* BasketPresenter.swift */,
			);
			path = Presenter;
			sourceTree = "<group>";
		};
		A83DDACD2638282700466E9B /* Builder */ = {
			isa = PBXGroup;
			children = (
				A83DDACE2638286300466E9B /* BasketBuilder.swift */,
			);
			path = Builder;
			sourceTree = "<group>";
		};
		A83E63A82645CDC2000D8744 /* CutomUI */ = {
			isa = PBXGroup;
			children = (
				A858DFED26484DE000102964 /* Controller */,
				A858DFDF2648431500102964 /* ScreenView */,
				A858DFDE264842FE00102964 /* VIew */,
				A83E637C2645BFCC000D8744 /* ButtonDarkStyle.swift */,
				A83E63972645C7A6000D8744 /* SegmentedControlDarkStyle.swift */,
				A83E63872645C15F000D8744 /* TextFieldDarkStyle.swift */,
				A83E638F2645C3E9000D8744 /* LabelDarkStyle.swift */,
				A83E63AC2645D0CD000D8744 /* ResultViewDarkStyle.swift */,
				A83E63B12645D26E000D8744 /* RefreshControlDarkStyle.swift */,
				A83E63B62645DC4C000D8744 /* TableViewDarkStyle.swift */,
				A83584792646A3FB007381E9 /* ActivityIndicatorDarkStyle.swift */,
			);
			path = CutomUI;
			sourceTree = "<group>";
		};
		A854110B261A3603007D2C75 = {
			isa = PBXGroup;
			children = (
				A8541116261A3603007D2C75 /* GBShop */,
				A8541130261A3604007D2C75 /* GBShopTests */,
				A854113B261A3605007D2C75 /* GBShopUITests */,
				A8541115261A3603007D2C75 /* Products */,
				1267BB6D7AC628F101D5CA69 /* Pods */,
				3D2A8AF6079632E4C264A8AB /* Frameworks */,
			);
			sourceTree = "<group>";
		};
		A8541115261A3603007D2C75 /* Products */ = {
			isa = PBXGroup;
			children = (
				A8541114261A3603007D2C75 /* GBShop.app */,
				A854112D261A3604007D2C75 /* GBShopTests.xctest */,
				A8541138261A3605007D2C75 /* GBShopUITests.xctest */,
			);
			name = Products;
			sourceTree = "<group>";
		};
		A8541116261A3603007D2C75 /* GBShop */ = {
			isa = PBXGroup;
			children = (
				A89EE10D261B36980081EBBB /* App */,
				A89EE10E261B36BB0081EBBB /* Core */,
				A89EE10F261B36C20081EBBB /* Resources */,
				A89EE110261B36D20081EBBB /* Environments */,
				A854111B261A3603007D2C75 /* ViewController.swift */,
				A8541125261A3604007D2C75 /* LaunchScreen.storyboard */,
			);
			path = GBShop;
			sourceTree = "<group>";
		};
		A8541130261A3604007D2C75 /* GBShopTests */ = {
			isa = PBXGroup;
			children = (
				A8541131261A3604007D2C75 /* GBShopTests.swift */,
				A802E4BA2628702D0022F87C /* ResponseCodableTests.swift */,
				A8541133261A3604007D2C75 /* Info.plist */,
			);
			path = GBShopTests;
			sourceTree = "<group>";
		};
		A854113B261A3605007D2C75 /* GBShopUITests */ = {
			isa = PBXGroup;
			children = (
				A854113C261A3605007D2C75 /* GBShopUITests.swift */,
				A854113E261A3605007D2C75 /* Info.plist */,
			);
			path = GBShopUITests;
			sourceTree = "<group>";
		};
		A858DFBF264838D400102964 /* DetailProductView */ = {
			isa = PBXGroup;
			children = (
				A858DFC0264838E600102964 /* View */,
				A858DFC12648398C00102964 /* Controller */,
				A858DFC22648399400102964 /* Presenter */,
				A858DFC32648399C00102964 /* Builder */,
			);
			path = DetailProductView;
			sourceTree = "<group>";
		};
		A858DFC0264838E600102964 /* View */ = {
			isa = PBXGroup;
			children = (
				A858DFC42648411100102964 /* DetailProductView.swift */,
				A858DFE826484A8A00102964 /* DetailProductCell.swift */,
				A858DFFB2648622800102964 /* ReviewCell.swift */,
				A8B59AB226495A24002374A2 /* HeaderInSection.swift */,
			);
			path = View;
			sourceTree = "<group>";
		};
		A858DFC12648398C00102964 /* Controller */ = {
			isa = PBXGroup;
			children = (
				A858DFF6264855CB00102964 /* DetailProductViewController.swift */,
				A858DFF12648516700102964 /* DetailProductCellModel.swift */,
				A858E000264868D500102964 /* ReviewCellModel.swift */,
			);
			path = Controller;
			sourceTree = "<group>";
		};
		A858DFC22648399400102964 /* Presenter */ = {
			isa = PBXGroup;
			children = (
				A858E0102648876D00102964 /* DetailProductPresenter.swift */,
			);
			path = Presenter;
			sourceTree = "<group>";
		};
		A858DFC32648399C00102964 /* Builder */ = {
			isa = PBXGroup;
			children = (
				A858E01826488F8000102964 /* DetailProductBuilder.swift */,
			);
			path = Builder;
			sourceTree = "<group>";
		};
		A858DFDE264842FE00102964 /* VIew */ = {
			isa = PBXGroup;
			children = (
			);
			path = VIew;
			sourceTree = "<group>";
		};
		A858DFDF2648431500102964 /* ScreenView */ = {
			isa = PBXGroup;
			children = (
				A858DFE02648437E00102964 /* TableScreenViewDarkStyle.swift */,
			);
			name = ScreenView;
			sourceTree = "<group>";
		};
		A858DFED26484DE000102964 /* Controller */ = {
			isa = PBXGroup;
			children = (
				A835846C26469A99007381E9 /* NavigationControllerDarkStyle.swift */,
			);
			path = Controller;
			sourceTree = "<group>";
		};
		A879C8182636BE7900ECF3E6 /* View */ = {
			isa = PBXGroup;
			children = (
				A879C81A2636BF1B00ECF3E6 /* BasketView.swift */,
				A89599D8263620E2009270D8 /* BasketCell.swift */,
			);
			path = View;
			sourceTree = "<group>";
		};
		A879C8192636BE8300ECF3E6 /* Controller */ = {
			isa = PBXGroup;
			children = (
				A89599CB26361A11009270D8 /* BasketViewController.swift */,
				A85A10A026373D2800FC532B /* ContentCellModel.swift */,
			);
			path = Controller;
			sourceTree = "<group>";
		};
		A89599CA263619E7009270D8 /* Basket */ = {
			isa = PBXGroup;
			children = (
				A879C8182636BE7900ECF3E6 /* View */,
				A879C8192636BE8300ECF3E6 /* Controller */,
				A83DDAC426381C0F00466E9B /* Presenter */,
				A83DDACD2638282700466E9B /* Builder */,
			);
			path = Basket;
			sourceTree = "<group>";
		};
		A89EE100261B35F40081EBBB /* BusinessLogic */ = {
			isa = PBXGroup;
			children = (
				A80CED012620845A0048AAC9 /* Network */,
			);
			path = BusinessLogic;
			sourceTree = "<group>";
		};
		A89EE104261B36170081EBBB /* Entity */ = {
			isa = PBXGroup;
			children = (
				A81EF0402635E8C400551B9A /* Basket */,
				A8F2C1792630B85200587179 /* Review */,
				A81BDB102620BDF90084B17F /* Auth */,
				A81BDB112620BE420084B17F /* UserData */,
				A802E4D92628A3FA0022F87C /* CatalogData */,
				A83E63A82645CDC2000D8744 /* CutomUI */,
			);
			path = Entity;
			sourceTree = "<group>";
		};
		A89EE105261B36230081EBBB /* Assembly */ = {
			isa = PBXGroup;
			children = (
			);
			path = Assembly;
			sourceTree = "<group>";
		};
		A89EE106261B362C0081EBBB /* Flows */ = {
			isa = PBXGroup;
			children = (
				A8FD20242640ABA900ABBF6E /* ValidEmailExtension.swift */,
				A8FD20332640B4B800ABBF6E /* CheckingDataUserProtocol.swift */,
				A8FD20192640AB0A00ABBF6E /* ShowAlertProtocol.swift */,
				A83584712646A13E007381E9 /* DataUser.swift */,
				A8DF9C312643246A0067D3F6 /* Main */,
				A858DFBF264838D400102964 /* DetailProductView */,
				A831BFD72641A0DE003D3A94 /* CatalogPoducts */,
				A89599CA263619E7009270D8 /* Basket */,
				A8EF3D55263F35F600366837 /* PersonalData */,
				A8BD440D263C2CB30030B11E /* Registration */,
				A81FA103263AA7E000E5BAF0 /* Auth */,
			);
			path = Flows;
			sourceTree = "<group>";
		};
		A89EE10D261B36980081EBBB /* App */ = {
			isa = PBXGroup;
			children = (
				A8541117261A3603007D2C75 /* AppDelegate.swift */,
				A8541119261A3603007D2C75 /* SceneDelegate.swift */,
				A89EE100261B35F40081EBBB /* BusinessLogic */,
				A89EE104261B36170081EBBB /* Entity */,
				A89EE105261B36230081EBBB /* Assembly */,
				A89EE106261B362C0081EBBB /* Flows */,
			);
			path = App;
			sourceTree = "<group>";
		};
		A89EE10E261B36BB0081EBBB /* Core */ = {
			isa = PBXGroup;
			children = (
				A80CECCD26207AEE0048AAC9 /* Network */,
			);
			path = Core;
			sourceTree = "<group>";
		};
		A89EE10F261B36C20081EBBB /* Resources */ = {
			isa = PBXGroup;
			children = (
				A8541123261A3604007D2C75 /* Assets.xcassets */,
				A8541120261A3603007D2C75 /* GBShop.xcdatamodeld */,
			);
			path = Resources;
			sourceTree = "<group>";
		};
		A89EE110261B36D20081EBBB /* Environments */ = {
			isa = PBXGroup;
			children = (
				A8541128261A3604007D2C75 /* Info.plist */,
			);
			path = Environments;
			sourceTree = "<group>";
		};
		A8BD440D263C2CB30030B11E /* Registration */ = {
			isa = PBXGroup;
			children = (
				A8BD440E263C2D080030B11E /* View */,
				A8BD440F263C2D130030B11E /* Controller */,
				A8BD4410263C2D260030B11E /* Presenter */,
				A8BD4411263C2D2D0030B11E /* Builder */,
			);
			path = Registration;
			sourceTree = "<group>";
		};
		A8BD440E263C2D080030B11E /* View */ = {
			isa = PBXGroup;
			children = (
				A8BD4412263C2DC60030B11E /* RegistrationView.swift */,
			);
			path = View;
			sourceTree = "<group>";
		};
		A8BD440F263C2D130030B11E /* Controller */ = {
			isa = PBXGroup;
			children = (
				A8ABCD1D263DCFCB0022BDC0 /* RegistrationViewController.swift */,
			);
			path = Controller;
			sourceTree = "<group>";
		};
		A8BD4410263C2D260030B11E /* Presenter */ = {
			isa = PBXGroup;
			children = (
				A8EF3D48263EF9EE00366837 /* RegistrationPresenter.swift */,
			);
			path = Presenter;
			sourceTree = "<group>";
		};
		A8BD4411263C2D2D0030B11E /* Builder */ = {
			isa = PBXGroup;
			children = (
				A8EF3D50263EFE5200366837 /* RegistrationBuilder.swift */,
			);
			path = Builder;
			sourceTree = "<group>";
		};
		A8DF9C312643246A0067D3F6 /* Main */ = {
			isa = PBXGroup;
			children = (
				A8DF9C422643321A0067D3F6 /* Controller */,
				A8DF9C43264332560067D3F6 /* Buider */,
			);
			path = Main;
			sourceTree = "<group>";
		};
		A8DF9C422643321A0067D3F6 /* Controller */ = {
			isa = PBXGroup;
			children = (
				A8DF9C3D2643255F0067D3F6 /* ShopTabBarController.swift */,
			);
			path = Controller;
			sourceTree = "<group>";
		};
		A8DF9C43264332560067D3F6 /* Buider */ = {
			isa = PBXGroup;
			children = (
				A8DF9C44264332C70067D3F6 /* ShopTabBarBuilder.swift */,
			);
			path = Buider;
			sourceTree = "<group>";
		};
		A8EF3D55263F35F600366837 /* PersonalData */ = {
			isa = PBXGroup;
			children = (
				A8EF3D56263F360D00366837 /* View */,
				A8EF3D57263F361300366837 /* Controller */,
				A8EF3D58263F361900366837 /* Presenter */,
				A8EF3D59263F362200366837 /* Building */,
			);
			path = PersonalData;
			sourceTree = "<group>";
		};
		A8EF3D56263F360D00366837 /* View */ = {
			isa = PBXGroup;
			children = (
				A8EF3D5A263F368400366837 /* PersonalDataView.swift */,
			);
			path = View;
			sourceTree = "<group>";
		};
		A8EF3D57263F361300366837 /* Controller */ = {
			isa = PBXGroup;
			children = (
				A8EF3D62263F37F900366837 /* PersonalDataViewController.swift */,
			);
			path = Controller;
			sourceTree = "<group>";
		};
		A8EF3D58263F361900366837 /* Presenter */ = {
			isa = PBXGroup;
			children = (
				A8EF3D67263F412500366837 /* PersonalDataPresenter.swift */,
			);
			path = Presenter;
			sourceTree = "<group>";
		};
		A8EF3D59263F362200366837 /* Building */ = {
			isa = PBXGroup;
			children = (
				A8EF3D6C263F45C900366837 /* PersonalDataBuilding.swift */,
			);
			path = Building;
			sourceTree = "<group>";
		};
		A8F2C1792630B85200587179 /* Review */ = {
			isa = PBXGroup;
			children = (
				A8F2C17A2630B8A900587179 /* AddReviewResult.swift */,
				A8F2C1822630B8C500587179 /* RemoveReviewResult.swift */,
				A8F2C1872630B90800587179 /* CatalogReviewsResult.swift */,
				A858E00526486A5700102964 /* ReviewOfProduct.swift */,
			);
			path = Review;
			sourceTree = "<group>";
		};
		A8F2C1942630BDB600587179 /* Review */ = {
			isa = PBXGroup;
			children = (
				A8F2C1952630BDE000587179 /* ReviewDataRequestFactory.swift */,
				A8F2C19D2630BF5B00587179 /* Review.swift */,
			);
			path = Review;
			sourceTree = "<group>";
		};
/* End PBXGroup section */

/* Begin PBXNativeTarget section */
		A8541113261A3603007D2C75 /* GBShop */ = {
			isa = PBXNativeTarget;
			buildConfigurationList = A8541141261A3605007D2C75 /* Build configuration list for PBXNativeTarget "GBShop" */;
			buildPhases = (
				01E1BCC506E9343B8F79DAE0 /* [CP] Check Pods Manifest.lock */,
				A8541110261A3603007D2C75 /* Sources */,
				A8541111261A3603007D2C75 /* Frameworks */,
				A8541112261A3603007D2C75 /* Resources */,
				3927BA9BF496B5700CF19ED9 /* [CP] Embed Pods Frameworks */,
			);
			buildRules = (
			);
			dependencies = (
			);
			name = GBShop;
			productName = GBShop;
			productReference = A8541114261A3603007D2C75 /* GBShop.app */;
			productType = "com.apple.product-type.application";
		};
		A854112C261A3604007D2C75 /* GBShopTests */ = {
			isa = PBXNativeTarget;
			buildConfigurationList = A8541144261A3605007D2C75 /* Build configuration list for PBXNativeTarget "GBShopTests" */;
			buildPhases = (
				AF902DFD68647D035F1030CC /* [CP] Check Pods Manifest.lock */,
				A8541129261A3604007D2C75 /* Sources */,
				A854112A261A3604007D2C75 /* Frameworks */,
				A854112B261A3604007D2C75 /* Resources */,
			);
			buildRules = (
			);
			dependencies = (
				A854112F261A3604007D2C75 /* PBXTargetDependency */,
			);
			name = GBShopTests;
			productName = GBShopTests;
			productReference = A854112D261A3604007D2C75 /* GBShopTests.xctest */;
			productType = "com.apple.product-type.bundle.unit-test";
		};
		A8541137261A3605007D2C75 /* GBShopUITests */ = {
			isa = PBXNativeTarget;
			buildConfigurationList = A8541147261A3605007D2C75 /* Build configuration list for PBXNativeTarget "GBShopUITests" */;
			buildPhases = (
				42F56A096751EAA3D4B58393 /* [CP] Check Pods Manifest.lock */,
				A8541134261A3605007D2C75 /* Sources */,
				A8541135261A3605007D2C75 /* Frameworks */,
				A8541136261A3605007D2C75 /* Resources */,
				6E5E97F832B039C0790D4658 /* [CP] Embed Pods Frameworks */,
			);
			buildRules = (
			);
			dependencies = (
				A854113A261A3605007D2C75 /* PBXTargetDependency */,
			);
			name = GBShopUITests;
			productName = GBShopUITests;
			productReference = A8541138261A3605007D2C75 /* GBShopUITests.xctest */;
			productType = "com.apple.product-type.bundle.ui-testing";
		};
/* End PBXNativeTarget section */

/* Begin PBXProject section */
		A854110C261A3603007D2C75 /* Project object */ = {
			isa = PBXProject;
			attributes = {
				LastSwiftUpdateCheck = 1240;
				LastUpgradeCheck = 1240;
				TargetAttributes = {
					A8541113261A3603007D2C75 = {
						CreatedOnToolsVersion = 12.4;
					};
					A854112C261A3604007D2C75 = {
						CreatedOnToolsVersion = 12.4;
						TestTargetID = A8541113261A3603007D2C75;
					};
					A8541137261A3605007D2C75 = {
						CreatedOnToolsVersion = 12.4;
						TestTargetID = A8541113261A3603007D2C75;
					};
				};
			};
			buildConfigurationList = A854110F261A3603007D2C75 /* Build configuration list for PBXProject "GBShop" */;
			compatibilityVersion = "Xcode 9.3";
			developmentRegion = en;
			hasScannedForEncodings = 0;
			knownRegions = (
				en,
				Base,
			);
			mainGroup = A854110B261A3603007D2C75;
			productRefGroup = A8541115261A3603007D2C75 /* Products */;
			projectDirPath = "";
			projectRoot = "";
			targets = (
				A8541113261A3603007D2C75 /* GBShop */,
				A854112C261A3604007D2C75 /* GBShopTests */,
				A8541137261A3605007D2C75 /* GBShopUITests */,
			);
		};
/* End PBXProject section */

/* Begin PBXResourcesBuildPhase section */
		A8541112261A3603007D2C75 /* Resources */ = {
			isa = PBXResourcesBuildPhase;
			buildActionMask = 2147483647;
			files = (
				A8541127261A3604007D2C75 /* LaunchScreen.storyboard in Resources */,
				A8541124261A3604007D2C75 /* Assets.xcassets in Resources */,
			);
			runOnlyForDeploymentPostprocessing = 0;
		};
		A854112B261A3604007D2C75 /* Resources */ = {
			isa = PBXResourcesBuildPhase;
			buildActionMask = 2147483647;
			files = (
			);
			runOnlyForDeploymentPostprocessing = 0;
		};
		A8541136261A3605007D2C75 /* Resources */ = {
			isa = PBXResourcesBuildPhase;
			buildActionMask = 2147483647;
			files = (
			);
			runOnlyForDeploymentPostprocessing = 0;
		};
/* End PBXResourcesBuildPhase section */

/* Begin PBXShellScriptBuildPhase section */
		01E1BCC506E9343B8F79DAE0 /* [CP] Check Pods Manifest.lock */ = {
			isa = PBXShellScriptBuildPhase;
			buildActionMask = 2147483647;
			files = (
			);
			inputFileListPaths = (
			);
			inputPaths = (
				"${PODS_PODFILE_DIR_PATH}/Podfile.lock",
				"${PODS_ROOT}/Manifest.lock",
			);
			name = "[CP] Check Pods Manifest.lock";
			outputFileListPaths = (
			);
			outputPaths = (
				"$(DERIVED_FILE_DIR)/Pods-GBShop-checkManifestLockResult.txt",
			);
			runOnlyForDeploymentPostprocessing = 0;
			shellPath = /bin/sh;
			shellScript = "diff \"${PODS_PODFILE_DIR_PATH}/Podfile.lock\" \"${PODS_ROOT}/Manifest.lock\" > /dev/null\nif [ $? != 0 ] ; then\n    # print error to STDERR\n    echo \"error: The sandbox is not in sync with the Podfile.lock. Run 'pod install' or update your CocoaPods installation.\" >&2\n    exit 1\nfi\n# This output is used by Xcode 'outputs' to avoid re-running this script phase.\necho \"SUCCESS\" > \"${SCRIPT_OUTPUT_FILE_0}\"\n";
			showEnvVarsInLog = 0;
		};
		3927BA9BF496B5700CF19ED9 /* [CP] Embed Pods Frameworks */ = {
			isa = PBXShellScriptBuildPhase;
			buildActionMask = 2147483647;
			files = (
			);
			inputFileListPaths = (
				"${PODS_ROOT}/Target Support Files/Pods-GBShop/Pods-GBShop-frameworks-${CONFIGURATION}-input-files.xcfilelist",
			);
			name = "[CP] Embed Pods Frameworks";
			outputFileListPaths = (
				"${PODS_ROOT}/Target Support Files/Pods-GBShop/Pods-GBShop-frameworks-${CONFIGURATION}-output-files.xcfilelist",
			);
			runOnlyForDeploymentPostprocessing = 0;
			shellPath = /bin/sh;
			shellScript = "\"${PODS_ROOT}/Target Support Files/Pods-GBShop/Pods-GBShop-frameworks.sh\"\n";
			showEnvVarsInLog = 0;
		};
		42F56A096751EAA3D4B58393 /* [CP] Check Pods Manifest.lock */ = {
			isa = PBXShellScriptBuildPhase;
			buildActionMask = 2147483647;
			files = (
			);
			inputFileListPaths = (
			);
			inputPaths = (
				"${PODS_PODFILE_DIR_PATH}/Podfile.lock",
				"${PODS_ROOT}/Manifest.lock",
			);
			name = "[CP] Check Pods Manifest.lock";
			outputFileListPaths = (
			);
			outputPaths = (
				"$(DERIVED_FILE_DIR)/Pods-GBShop-GBShopUITests-checkManifestLockResult.txt",
			);
			runOnlyForDeploymentPostprocessing = 0;
			shellPath = /bin/sh;
			shellScript = "diff \"${PODS_PODFILE_DIR_PATH}/Podfile.lock\" \"${PODS_ROOT}/Manifest.lock\" > /dev/null\nif [ $? != 0 ] ; then\n    # print error to STDERR\n    echo \"error: The sandbox is not in sync with the Podfile.lock. Run 'pod install' or update your CocoaPods installation.\" >&2\n    exit 1\nfi\n# This output is used by Xcode 'outputs' to avoid re-running this script phase.\necho \"SUCCESS\" > \"${SCRIPT_OUTPUT_FILE_0}\"\n";
			showEnvVarsInLog = 0;
		};
		6E5E97F832B039C0790D4658 /* [CP] Embed Pods Frameworks */ = {
			isa = PBXShellScriptBuildPhase;
			buildActionMask = 2147483647;
			files = (
			);
			inputFileListPaths = (
				"${PODS_ROOT}/Target Support Files/Pods-GBShop-GBShopUITests/Pods-GBShop-GBShopUITests-frameworks-${CONFIGURATION}-input-files.xcfilelist",
			);
			name = "[CP] Embed Pods Frameworks";
			outputFileListPaths = (
				"${PODS_ROOT}/Target Support Files/Pods-GBShop-GBShopUITests/Pods-GBShop-GBShopUITests-frameworks-${CONFIGURATION}-output-files.xcfilelist",
			);
			runOnlyForDeploymentPostprocessing = 0;
			shellPath = /bin/sh;
			shellScript = "\"${PODS_ROOT}/Target Support Files/Pods-GBShop-GBShopUITests/Pods-GBShop-GBShopUITests-frameworks.sh\"\n";
			showEnvVarsInLog = 0;
		};
		AF902DFD68647D035F1030CC /* [CP] Check Pods Manifest.lock */ = {
			isa = PBXShellScriptBuildPhase;
			buildActionMask = 2147483647;
			files = (
			);
			inputFileListPaths = (
			);
			inputPaths = (
				"${PODS_PODFILE_DIR_PATH}/Podfile.lock",
				"${PODS_ROOT}/Manifest.lock",
			);
			name = "[CP] Check Pods Manifest.lock";
			outputFileListPaths = (
			);
			outputPaths = (
				"$(DERIVED_FILE_DIR)/Pods-GBShopTests-checkManifestLockResult.txt",
			);
			runOnlyForDeploymentPostprocessing = 0;
			shellPath = /bin/sh;
			shellScript = "diff \"${PODS_PODFILE_DIR_PATH}/Podfile.lock\" \"${PODS_ROOT}/Manifest.lock\" > /dev/null\nif [ $? != 0 ] ; then\n    # print error to STDERR\n    echo \"error: The sandbox is not in sync with the Podfile.lock. Run 'pod install' or update your CocoaPods installation.\" >&2\n    exit 1\nfi\n# This output is used by Xcode 'outputs' to avoid re-running this script phase.\necho \"SUCCESS\" > \"${SCRIPT_OUTPUT_FILE_0}\"\n";
			showEnvVarsInLog = 0;
		};
/* End PBXShellScriptBuildPhase section */

/* Begin PBXSourcesBuildPhase section */
		A8541110261A3603007D2C75 /* Sources */ = {
			isa = PBXSourcesBuildPhase;
			buildActionMask = 2147483647;
			files = (
				A879C81B2636BF1B00ECF3E6 /* BasketView.swift in Sources */,
				A858DFFC2648622800102964 /* ReviewCell.swift in Sources */,
				A8F2C1962630BDE000587179 /* ReviewDataRequestFactory.swift in Sources */,
				A802E4FE2628D1F20022F87C /* ProductsDataRequestFactory.swift in Sources */,
				A80CED0B2620854E0048AAC9 /* Auth.swift in Sources */,
				A8EF3D6D263F45C900366837 /* PersonalDataBuilding.swift in Sources */,
				A83E637D2645BFCC000D8744 /* ButtonDarkStyle.swift in Sources */,
				A80CECDC26207BD00048AAC9 /* ResponseCodable.swift in Sources */,
				A81FA15B263AD82600E5BAF0 /* AuthBuilder.swift in Sources */,
				A83E63B72645DC4C000D8744 /* TableViewDarkStyle.swift in Sources */,
				A854111C261A3603007D2C75 /* ViewController.swift in Sources */,
				A81BDB0B2620BDE70084B17F /* ChangeUserDataResult.swift in Sources */,
				A83E63AD2645D0CD000D8744 /* ResultViewDarkStyle.swift in Sources */,
				A8FD20252640ABA900ABBF6E /* ValidEmailExtension.swift in Sources */,
				A835846D26469A99007381E9 /* NavigationControllerDarkStyle.swift in Sources */,
				A83DDACF2638286300466E9B /* BasketBuilder.swift in Sources */,
				A81BDB062620BD780084B17F /* LogoutResult.swift in Sources */,
				A80CED03262084F50048AAC9 /* AuthRequestFactory.swift in Sources */,
				A80CECF8262083FC0048AAC9 /* LoginResult.swift in Sources */,
				A8FD201A2640AB0A00ABBF6E /* ShowAlertProtocol.swift in Sources */,
				A81EF0512635EB8700551B9A /* GetBasketResult.swift in Sources */,
				A80CECD726207B4F0048AAC9 /* ErrorParser.swift in Sources */,
				A858E001264868D500102964 /* ReviewCellModel.swift in Sources */,
				A81EF0472635E9D600551B9A /* DeleteFromBasket.swift in Sources */,
				A8FD20342640B4B800ABBF6E /* CheckingDataUserProtocol.swift in Sources */,
				A8DF9C1C26430D8B0067D3F6 /* ProductCellModel.swift in Sources */,
				A81FA10B263AAC7400E5BAF0 /* AuthView.swift in Sources */,
				A81EF04C2635E9ED00551B9A /* PayBasket.swift in Sources */,
				A8541118261A3603007D2C75 /* AppDelegate.swift in Sources */,
				A80CECEB262082190048AAC9 /* AbstractRequestFactory.swift in Sources */,
				A802E4F22628CF4C0022F87C /* GoodByIdResult.swift in Sources */,
				A85A10A126373D2800FC532B /* ContentCellModel.swift in Sources */,
				A8ABCD1E263DCFCB0022BDC0 /* RegistrationViewController.swift in Sources */,
				A83584722646A13E007381E9 /* DataUser.swift in Sources */,
				A89599D9263620E2009270D8 /* BasketCell.swift in Sources */,
				A80CECCF26207B290048AAC9 /* AbstractErrorParser.swift in Sources */,
				A81BDB142620BE8B0084B17F /* RegisterUserResult.swift in Sources */,
				A8EF3D49263EF9EE00366837 /* RegistrationPresenter.swift in Sources */,
				A8F2C1832630B8C500587179 /* RemoveReviewResult.swift in Sources */,
				A8BD4413263C2DC60030B11E /* RegistrationView.swift in Sources */,
				A8DF9C45264332C70067D3F6 /* ShopTabBarBuilder.swift in Sources */,
				A858DFC52648411100102964 /* DetailProductView.swift in Sources */,
				A8EF3D51263EFE5200366837 /* RegistrationBuilder.swift in Sources */,
				A81EF0422635E9BB00551B9A /* AddToBasket.swift in Sources */,
				A8541122261A3603007D2C75 /* GBShop.xcdatamodeld in Sources */,
				A80CED102620858F0048AAC9 /* RequestFactory.swift in Sources */,
				A854111A261A3603007D2C75 /* SceneDelegate.swift in Sources */,
				A89599D426361D07009270D8 /* Content.swift in Sources */,
				A858E0112648876D00102964 /* DetailProductPresenter.swift in Sources */,
				A8EF3D5B263F368400366837 /* PersonalDataView.swift in Sources */,
				A858DFE12648437E00102964 /* TableScreenViewDarkStyle.swift in Sources */,
				A835847A2646A3FB007381E9 /* ActivityIndicatorDarkStyle.swift in Sources */,
				A8EF3D63263F37F900366837 /* PersonalDataViewController.swift in Sources */,
				A8EF3D68263F412500366837 /* PersonalDataPresenter.swift in Sources */,
				A858DFF7264855CB00102964 /* DetailProductViewController.swift in Sources */,
				A858DFE926484A8A00102964 /* DetailProductCell.swift in Sources */,
				A81BDB352620D2B50084B17F /* UserDataRequestFactory.swift in Sources */,
				A8DF9C2626431E420067D3F6 /* CatalogProductsBuilder.swift in Sources */,
				A8F2C17B2630B8A900587179 /* AddReviewResult.swift in Sources */,
				A81FA155263AD44200E5BAF0 /* AuthViewController.swift in Sources */,
				A858E01926488F8000102964 /* DetailProductBuilder.swift in Sources */,
				A81EF05F2635EEAE00551B9A /* Basket.swift in Sources */,
				A858E00626486A5700102964 /* ReviewOfProduct.swift in Sources */,
				A83E63882645C15F000D8744 /* TextFieldDarkStyle.swift in Sources */,
				A8F2C1882630B90800587179 /* CatalogReviewsResult.swift in Sources */,
				A81EF0572635EE9900551B9A /* BasketDataRequestFactory.swift in Sources */,
				A8DF9C3E2643255F0067D3F6 /* ShopTabBarController.swift in Sources */,
				A8B59AB326495A24002374A2 /* HeaderInSection.swift in Sources */,
				A8F2C19E2630BF5B00587179 /* Review.swift in Sources */,
				A83E63902645C3E9000D8744 /* LabelDarkStyle.swift in Sources */,
				A80CECF02620824E0048AAC9 /* RequestRouter.swift in Sources */,
				A83DDAC626381C2B00466E9B /* BasketPresenter.swift in Sources */,
				A8DF9BFF2642D99E0067D3F6 /* CatalogProductsCell.swift in Sources */,
				A89599CC26361A11009270D8 /* BasketViewController.swift in Sources */,
				A83E63982645C7A6000D8744 /* SegmentedControlDarkStyle.swift in Sources */,
				A831BFE02641A462003D3A94 /* CatalogProductsView.swift in Sources */,
				A81FA166263AEABD00E5BAF0 /* AuthPresenter.swift in Sources */,
				A858DFF22648516700102964 /* DetailProductCellModel.swift in Sources */,
				A83E63B22645D26E000D8744 /* RefreshControlDarkStyle.swift in Sources */,
				A8DF9C212643170C0067D3F6 /* CatalogProductsPresenter.swift in Sources */,
				A802E5092628D2FB0022F87C /* ProductsData.swift in Sources */,
				A80CECFD2620840B0048AAC9 /* User.swift in Sources */,
				A81BDB402620D41B0084B17F /* UserData.swift in Sources */,
				A831BFE82641A526003D3A94 /* CatalogProductsViewController.swift in Sources */,
				A802E4EC2628A7610022F87C /* Product.swift in Sources */,
			);
			runOnlyForDeploymentPostprocessing = 0;
		};
		A8541129261A3604007D2C75 /* Sources */ = {
			isa = PBXSourcesBuildPhase;
			buildActionMask = 2147483647;
			files = (
				A8541132261A3604007D2C75 /* GBShopTests.swift in Sources */,
				A802E4BB2628702D0022F87C /* ResponseCodableTests.swift in Sources */,
			);
			runOnlyForDeploymentPostprocessing = 0;
		};
		A8541134261A3605007D2C75 /* Sources */ = {
			isa = PBXSourcesBuildPhase;
			buildActionMask = 2147483647;
			files = (
				A854113D261A3605007D2C75 /* GBShopUITests.swift in Sources */,
			);
			runOnlyForDeploymentPostprocessing = 0;
		};
/* End PBXSourcesBuildPhase section */

/* Begin PBXTargetDependency section */
		A854112F261A3604007D2C75 /* PBXTargetDependency */ = {
			isa = PBXTargetDependency;
			target = A8541113261A3603007D2C75 /* GBShop */;
			targetProxy = A854112E261A3604007D2C75 /* PBXContainerItemProxy */;
		};
		A854113A261A3605007D2C75 /* PBXTargetDependency */ = {
			isa = PBXTargetDependency;
			target = A8541113261A3603007D2C75 /* GBShop */;
			targetProxy = A8541139261A3605007D2C75 /* PBXContainerItemProxy */;
		};
/* End PBXTargetDependency section */

/* Begin PBXVariantGroup section */
		A8541125261A3604007D2C75 /* LaunchScreen.storyboard */ = {
			isa = PBXVariantGroup;
			children = (
				A8541126261A3604007D2C75 /* Base */,
			);
			name = LaunchScreen.storyboard;
			sourceTree = "<group>";
		};
/* End PBXVariantGroup section */

/* Begin XCBuildConfiguration section */
		A854113F261A3605007D2C75 /* Debug */ = {
			isa = XCBuildConfiguration;
			buildSettings = {
				ALWAYS_SEARCH_USER_PATHS = NO;
				CLANG_ANALYZER_NONNULL = YES;
				CLANG_ANALYZER_NUMBER_OBJECT_CONVERSION = YES_AGGRESSIVE;
				CLANG_CXX_LANGUAGE_STANDARD = "gnu++14";
				CLANG_CXX_LIBRARY = "libc++";
				CLANG_ENABLE_MODULES = YES;
				CLANG_ENABLE_OBJC_ARC = YES;
				CLANG_ENABLE_OBJC_WEAK = YES;
				CLANG_WARN_BLOCK_CAPTURE_AUTORELEASING = YES;
				CLANG_WARN_BOOL_CONVERSION = YES;
				CLANG_WARN_COMMA = YES;
				CLANG_WARN_CONSTANT_CONVERSION = YES;
				CLANG_WARN_DEPRECATED_OBJC_IMPLEMENTATIONS = YES;
				CLANG_WARN_DIRECT_OBJC_ISA_USAGE = YES_ERROR;
				CLANG_WARN_DOCUMENTATION_COMMENTS = YES;
				CLANG_WARN_EMPTY_BODY = YES;
				CLANG_WARN_ENUM_CONVERSION = YES;
				CLANG_WARN_INFINITE_RECURSION = YES;
				CLANG_WARN_INT_CONVERSION = YES;
				CLANG_WARN_NON_LITERAL_NULL_CONVERSION = YES;
				CLANG_WARN_OBJC_IMPLICIT_RETAIN_SELF = YES;
				CLANG_WARN_OBJC_LITERAL_CONVERSION = YES;
				CLANG_WARN_OBJC_ROOT_CLASS = YES_ERROR;
				CLANG_WARN_QUOTED_INCLUDE_IN_FRAMEWORK_HEADER = YES;
				CLANG_WARN_RANGE_LOOP_ANALYSIS = YES;
				CLANG_WARN_STRICT_PROTOTYPES = YES;
				CLANG_WARN_SUSPICIOUS_MOVE = YES;
				CLANG_WARN_UNGUARDED_AVAILABILITY = YES_AGGRESSIVE;
				CLANG_WARN_UNREACHABLE_CODE = YES;
				CLANG_WARN__DUPLICATE_METHOD_MATCH = YES;
				COPY_PHASE_STRIP = NO;
				DEBUG_INFORMATION_FORMAT = dwarf;
				ENABLE_STRICT_OBJC_MSGSEND = YES;
				ENABLE_TESTABILITY = YES;
				GCC_C_LANGUAGE_STANDARD = gnu11;
				GCC_DYNAMIC_NO_PIC = NO;
				GCC_NO_COMMON_BLOCKS = YES;
				GCC_OPTIMIZATION_LEVEL = 0;
				GCC_PREPROCESSOR_DEFINITIONS = (
					"DEBUG=1",
					"$(inherited)",
				);
				GCC_WARN_64_TO_32_BIT_CONVERSION = YES;
				GCC_WARN_ABOUT_RETURN_TYPE = YES_ERROR;
				GCC_WARN_UNDECLARED_SELECTOR = YES;
				GCC_WARN_UNINITIALIZED_AUTOS = YES_AGGRESSIVE;
				GCC_WARN_UNUSED_FUNCTION = YES;
				GCC_WARN_UNUSED_VARIABLE = YES;
				IPHONEOS_DEPLOYMENT_TARGET = 14.4;
				MTL_ENABLE_DEBUG_INFO = INCLUDE_SOURCE;
				MTL_FAST_MATH = YES;
				ONLY_ACTIVE_ARCH = YES;
				SDKROOT = iphoneos;
				SWIFT_ACTIVE_COMPILATION_CONDITIONS = DEBUG;
				SWIFT_OPTIMIZATION_LEVEL = "-Onone";
			};
			name = Debug;
		};
		A8541140261A3605007D2C75 /* Release */ = {
			isa = XCBuildConfiguration;
			buildSettings = {
				ALWAYS_SEARCH_USER_PATHS = NO;
				CLANG_ANALYZER_NONNULL = YES;
				CLANG_ANALYZER_NUMBER_OBJECT_CONVERSION = YES_AGGRESSIVE;
				CLANG_CXX_LANGUAGE_STANDARD = "gnu++14";
				CLANG_CXX_LIBRARY = "libc++";
				CLANG_ENABLE_MODULES = YES;
				CLANG_ENABLE_OBJC_ARC = YES;
				CLANG_ENABLE_OBJC_WEAK = YES;
				CLANG_WARN_BLOCK_CAPTURE_AUTORELEASING = YES;
				CLANG_WARN_BOOL_CONVERSION = YES;
				CLANG_WARN_COMMA = YES;
				CLANG_WARN_CONSTANT_CONVERSION = YES;
				CLANG_WARN_DEPRECATED_OBJC_IMPLEMENTATIONS = YES;
				CLANG_WARN_DIRECT_OBJC_ISA_USAGE = YES_ERROR;
				CLANG_WARN_DOCUMENTATION_COMMENTS = YES;
				CLANG_WARN_EMPTY_BODY = YES;
				CLANG_WARN_ENUM_CONVERSION = YES;
				CLANG_WARN_INFINITE_RECURSION = YES;
				CLANG_WARN_INT_CONVERSION = YES;
				CLANG_WARN_NON_LITERAL_NULL_CONVERSION = YES;
				CLANG_WARN_OBJC_IMPLICIT_RETAIN_SELF = YES;
				CLANG_WARN_OBJC_LITERAL_CONVERSION = YES;
				CLANG_WARN_OBJC_ROOT_CLASS = YES_ERROR;
				CLANG_WARN_QUOTED_INCLUDE_IN_FRAMEWORK_HEADER = YES;
				CLANG_WARN_RANGE_LOOP_ANALYSIS = YES;
				CLANG_WARN_STRICT_PROTOTYPES = YES;
				CLANG_WARN_SUSPICIOUS_MOVE = YES;
				CLANG_WARN_UNGUARDED_AVAILABILITY = YES_AGGRESSIVE;
				CLANG_WARN_UNREACHABLE_CODE = YES;
				CLANG_WARN__DUPLICATE_METHOD_MATCH = YES;
				COPY_PHASE_STRIP = NO;
				DEBUG_INFORMATION_FORMAT = "dwarf-with-dsym";
				ENABLE_NS_ASSERTIONS = NO;
				ENABLE_STRICT_OBJC_MSGSEND = YES;
				GCC_C_LANGUAGE_STANDARD = gnu11;
				GCC_NO_COMMON_BLOCKS = YES;
				GCC_WARN_64_TO_32_BIT_CONVERSION = YES;
				GCC_WARN_ABOUT_RETURN_TYPE = YES_ERROR;
				GCC_WARN_UNDECLARED_SELECTOR = YES;
				GCC_WARN_UNINITIALIZED_AUTOS = YES_AGGRESSIVE;
				GCC_WARN_UNUSED_FUNCTION = YES;
				GCC_WARN_UNUSED_VARIABLE = YES;
				IPHONEOS_DEPLOYMENT_TARGET = 14.4;
				MTL_ENABLE_DEBUG_INFO = NO;
				MTL_FAST_MATH = YES;
				SDKROOT = iphoneos;
				SWIFT_COMPILATION_MODE = wholemodule;
				SWIFT_OPTIMIZATION_LEVEL = "-O";
				VALIDATE_PRODUCT = YES;
			};
			name = Release;
		};
		A8541142261A3605007D2C75 /* Debug */ = {
			isa = XCBuildConfiguration;
			baseConfigurationReference = B2FD403278BEFB2E80B48BB6 /* Pods-GBShop.debug.xcconfig */;
			buildSettings = {
				ASSETCATALOG_COMPILER_APPICON_NAME = AppIcon;
				ASSETCATALOG_COMPILER_GLOBAL_ACCENT_COLOR_NAME = AccentColor;
				CODE_SIGN_STYLE = Automatic;
				DEVELOPMENT_TEAM = N2TZW4PWAN;
				INFOPLIST_FILE = GBShop/Environments/Info.plist;
				LD_RUNPATH_SEARCH_PATHS = (
					"$(inherited)",
					"@executable_path/Frameworks",
				);
				PRODUCT_BUNDLE_IDENTIFIER = "-23456.GBShop";
				PRODUCT_NAME = "$(TARGET_NAME)";
				SWIFT_VERSION = 5.0;
				TARGETED_DEVICE_FAMILY = "1,2";
			};
			name = Debug;
		};
		A8541143261A3605007D2C75 /* Release */ = {
			isa = XCBuildConfiguration;
			baseConfigurationReference = 5A887F4484F6FD8D653E511F /* Pods-GBShop.release.xcconfig */;
			buildSettings = {
				ASSETCATALOG_COMPILER_APPICON_NAME = AppIcon;
				ASSETCATALOG_COMPILER_GLOBAL_ACCENT_COLOR_NAME = AccentColor;
				CODE_SIGN_STYLE = Automatic;
				DEVELOPMENT_TEAM = N2TZW4PWAN;
				INFOPLIST_FILE = GBShop/Environments/Info.plist;
				LD_RUNPATH_SEARCH_PATHS = (
					"$(inherited)",
					"@executable_path/Frameworks",
				);
				PRODUCT_BUNDLE_IDENTIFIER = "-23456.GBShop";
				PRODUCT_NAME = "$(TARGET_NAME)";
				SWIFT_VERSION = 5.0;
				TARGETED_DEVICE_FAMILY = "1,2";
			};
			name = Release;
		};
		A8541145261A3605007D2C75 /* Debug */ = {
			isa = XCBuildConfiguration;
			baseConfigurationReference = CA5EF1DFD357D2A2A84FFBFE /* Pods-GBShopTests.debug.xcconfig */;
			buildSettings = {
				ALWAYS_EMBED_SWIFT_STANDARD_LIBRARIES = YES;
				BUNDLE_LOADER = "$(TEST_HOST)";
				CODE_SIGN_STYLE = Automatic;
				DEVELOPMENT_TEAM = N2TZW4PWAN;
				INFOPLIST_FILE = GBShopTests/Info.plist;
				IPHONEOS_DEPLOYMENT_TARGET = 14.4;
				LD_RUNPATH_SEARCH_PATHS = (
					"$(inherited)",
					"@executable_path/Frameworks",
					"@loader_path/Frameworks",
				);
				PRODUCT_BUNDLE_IDENTIFIER = "-23456.GBShopTests";
				PRODUCT_NAME = "$(TARGET_NAME)";
				SWIFT_VERSION = 5.0;
				TARGETED_DEVICE_FAMILY = "1,2";
				TEST_HOST = "$(BUILT_PRODUCTS_DIR)/GBShop.app/GBShop";
			};
			name = Debug;
		};
		A8541146261A3605007D2C75 /* Release */ = {
			isa = XCBuildConfiguration;
			baseConfigurationReference = 13D4EF4A74C05CE0B660E483 /* Pods-GBShopTests.release.xcconfig */;
			buildSettings = {
				ALWAYS_EMBED_SWIFT_STANDARD_LIBRARIES = YES;
				BUNDLE_LOADER = "$(TEST_HOST)";
				CODE_SIGN_STYLE = Automatic;
				DEVELOPMENT_TEAM = N2TZW4PWAN;
				INFOPLIST_FILE = GBShopTests/Info.plist;
				IPHONEOS_DEPLOYMENT_TARGET = 14.4;
				LD_RUNPATH_SEARCH_PATHS = (
					"$(inherited)",
					"@executable_path/Frameworks",
					"@loader_path/Frameworks",
				);
				PRODUCT_BUNDLE_IDENTIFIER = "-23456.GBShopTests";
				PRODUCT_NAME = "$(TARGET_NAME)";
				SWIFT_VERSION = 5.0;
				TARGETED_DEVICE_FAMILY = "1,2";
				TEST_HOST = "$(BUILT_PRODUCTS_DIR)/GBShop.app/GBShop";
			};
			name = Release;
		};
		A8541148261A3605007D2C75 /* Debug */ = {
			isa = XCBuildConfiguration;
			baseConfigurationReference = E8BC40D40E23D5530E4059D5 /* Pods-GBShop-GBShopUITests.debug.xcconfig */;
			buildSettings = {
				ALWAYS_EMBED_SWIFT_STANDARD_LIBRARIES = YES;
				CODE_SIGN_STYLE = Automatic;
				DEVELOPMENT_TEAM = N2TZW4PWAN;
				INFOPLIST_FILE = GBShopUITests/Info.plist;
				LD_RUNPATH_SEARCH_PATHS = (
					"$(inherited)",
					"@executable_path/Frameworks",
					"@loader_path/Frameworks",
				);
				PRODUCT_BUNDLE_IDENTIFIER = "-23456.GBShopUITests";
				PRODUCT_NAME = "$(TARGET_NAME)";
				SWIFT_VERSION = 5.0;
				TARGETED_DEVICE_FAMILY = "1,2";
				TEST_TARGET_NAME = GBShop;
			};
			name = Debug;
		};
		A8541149261A3605007D2C75 /* Release */ = {
			isa = XCBuildConfiguration;
			baseConfigurationReference = 09166EA7CD54226E5C482D42 /* Pods-GBShop-GBShopUITests.release.xcconfig */;
			buildSettings = {
				ALWAYS_EMBED_SWIFT_STANDARD_LIBRARIES = YES;
				CODE_SIGN_STYLE = Automatic;
				DEVELOPMENT_TEAM = N2TZW4PWAN;
				INFOPLIST_FILE = GBShopUITests/Info.plist;
				LD_RUNPATH_SEARCH_PATHS = (
					"$(inherited)",
					"@executable_path/Frameworks",
					"@loader_path/Frameworks",
				);
				PRODUCT_BUNDLE_IDENTIFIER = "-23456.GBShopUITests";
				PRODUCT_NAME = "$(TARGET_NAME)";
				SWIFT_VERSION = 5.0;
				TARGETED_DEVICE_FAMILY = "1,2";
				TEST_TARGET_NAME = GBShop;
			};
			name = Release;
		};
/* End XCBuildConfiguration section */

/* Begin XCConfigurationList section */
		A854110F261A3603007D2C75 /* Build configuration list for PBXProject "GBShop" */ = {
			isa = XCConfigurationList;
			buildConfigurations = (
				A854113F261A3605007D2C75 /* Debug */,
				A8541140261A3605007D2C75 /* Release */,
			);
			defaultConfigurationIsVisible = 0;
			defaultConfigurationName = Release;
		};
		A8541141261A3605007D2C75 /* Build configuration list for PBXNativeTarget "GBShop" */ = {
			isa = XCConfigurationList;
			buildConfigurations = (
				A8541142261A3605007D2C75 /* Debug */,
				A8541143261A3605007D2C75 /* Release */,
			);
			defaultConfigurationIsVisible = 0;
			defaultConfigurationName = Release;
		};
		A8541144261A3605007D2C75 /* Build configuration list for PBXNativeTarget "GBShopTests" */ = {
			isa = XCConfigurationList;
			buildConfigurations = (
				A8541145261A3605007D2C75 /* Debug */,
				A8541146261A3605007D2C75 /* Release */,
			);
			defaultConfigurationIsVisible = 0;
			defaultConfigurationName = Release;
		};
		A8541147261A3605007D2C75 /* Build configuration list for PBXNativeTarget "GBShopUITests" */ = {
			isa = XCConfigurationList;
			buildConfigurations = (
				A8541148261A3605007D2C75 /* Debug */,
				A8541149261A3605007D2C75 /* Release */,
			);
			defaultConfigurationIsVisible = 0;
			defaultConfigurationName = Release;
		};
/* End XCConfigurationList section */

/* Begin XCVersionGroup section */
		A8541120261A3603007D2C75 /* GBShop.xcdatamodeld */ = {
			isa = XCVersionGroup;
			children = (
				A8541121261A3603007D2C75 /* GBShop.xcdatamodel */,
			);
			currentVersion = A8541121261A3603007D2C75 /* GBShop.xcdatamodel */;
			path = GBShop.xcdatamodeld;
			sourceTree = "<group>";
			versionGroupType = wrapper.xcdatamodel;
		};
/* End XCVersionGroup section */
	};
	rootObject = A854110C261A3603007D2C75 /* Project object */;
}
